// !$*UTF8*$!
{
	archiveVersion = 1;
	classes = {
	};
	objectVersion = 46;
	objects = {

/* Begin PBXBuildFile section */
		031B1B2853A8A75BAF03EEA1 /* Pods_XDSReader.framework in Frameworks */ = {isa = PBXBuildFile; fileRef = 8BC7F5927F6C835989775828 /* Pods_XDSReader.framework */; };
		183B7F4E216ADD430071F08E /* 不懂这些英文你就OUT了(正版).epub in Resources */ = {isa = PBXBuildFile; fileRef = 183B7F49216ADD420071F08E /* 不懂这些英文你就OUT了(正版).epub */; };
		183B7F4F216ADD430071F08E /* Android从入门到精通.epub in Resources */ = {isa = PBXBuildFile; fileRef = 183B7F4A216ADD420071F08E /* Android从入门到精通.epub */; };
		183B7F50216ADD430071F08E /* mdjyml.txt in Resources */ = {isa = PBXBuildFile; fileRef = 183B7F4B216ADD420071F08E /* mdjyml.txt */; };
		183B7F51216ADD430071F08E /* 特种神医.txt in Resources */ = {isa = PBXBuildFile; fileRef = 183B7F4C216ADD420071F08E /* 特种神医.txt */; };
		183B7F52216ADD430071F08E /* 三人成狼.txt in Resources */ = {isa = PBXBuildFile; fileRef = 183B7F4D216ADD420071F08E /* 三人成狼.txt */; };
		187AD2CF215E476D00C45B69 /* NSString+XDSReader.m in Sources */ = {isa = PBXBuildFile; fileRef = 187AD2CE215E476C00C45B69 /* NSString+XDSReader.m */; settings = {COMPILER_FLAGS = "-fno-objc-arc"; }; };
		18B3DC7E21548BAF00FFD27E /* UIViewController+XDSReader.m in Sources */ = {isa = PBXBuildFile; fileRef = 18B3DC7D21548BAF00FFD27E /* UIViewController+XDSReader.m */; };
		18B3DC8121549A8A00FFD27E /* XDSReaderWifiView.m in Sources */ = {isa = PBXBuildFile; fileRef = 18B3DC8021549A8A00FFD27E /* XDSReaderWifiView.m */; };
		18B3DC8321549A9600FFD27E /* XDSReaderWifiView.xib in Resources */ = {isa = PBXBuildFile; fileRef = 18B3DC8221549A9600FFD27E /* XDSReaderWifiView.xib */; };
		18BB4E8D2153E6F400C4A2CD /* libxml2.tbd in Frameworks */ = {isa = PBXBuildFile; fileRef = 18BB4E8C2153E6F400C4A2CD /* libxml2.tbd */; };
		18BB4EB62153E79000C4A2CD /* GCDWebDAVServer.m in Sources */ = {isa = PBXBuildFile; fileRef = 18BB4E912153E79000C4A2CD /* GCDWebDAVServer.m */; };
		18BB4EB72153E79000C4A2CD /* GCDWebServerResponse.m in Sources */ = {isa = PBXBuildFile; fileRef = 18BB4E962153E79000C4A2CD /* GCDWebServerResponse.m */; };
		18BB4EB82153E79000C4A2CD /* GCDWebServerRequest.m in Sources */ = {isa = PBXBuildFile; fileRef = 18BB4E992153E79000C4A2CD /* GCDWebServerRequest.m */; };
		18BB4EB92153E79000C4A2CD /* GCDWebServerFunctions.m in Sources */ = {isa = PBXBuildFile; fileRef = 18BB4E9C2153E79000C4A2CD /* GCDWebServerFunctions.m */; };
		18BB4EBA2153E79000C4A2CD /* GCDWebServer.m in Sources */ = {isa = PBXBuildFile; fileRef = 18BB4E9D2153E79000C4A2CD /* GCDWebServer.m */; };
		18BB4EBB2153E79000C4A2CD /* GCDWebServerConnection.m in Sources */ = {isa = PBXBuildFile; fileRef = 18BB4E9E2153E79000C4A2CD /* GCDWebServerConnection.m */; };
		18BB4EBC2153E79000C4A2CD /* GCDWebServerErrorResponse.m in Sources */ = {isa = PBXBuildFile; fileRef = 18BB4EA32153E79000C4A2CD /* GCDWebServerErrorResponse.m */; };
		18BB4EBD2153E79000C4A2CD /* GCDWebServerFileResponse.m in Sources */ = {isa = PBXBuildFile; fileRef = 18BB4EA52153E79000C4A2CD /* GCDWebServerFileResponse.m */; };
		18BB4EBE2153E79000C4A2CD /* GCDWebServerDataResponse.m in Sources */ = {isa = PBXBuildFile; fileRef = 18BB4EA62153E79000C4A2CD /* GCDWebServerDataResponse.m */; };
		18BB4EBF2153E79000C4A2CD /* GCDWebServerStreamedResponse.m in Sources */ = {isa = PBXBuildFile; fileRef = 18BB4EA82153E79000C4A2CD /* GCDWebServerStreamedResponse.m */; };
		18BB4EC02153E79000C4A2CD /* GCDWebServerURLEncodedFormRequest.m in Sources */ = {isa = PBXBuildFile; fileRef = 18BB4EAD2153E79000C4A2CD /* GCDWebServerURLEncodedFormRequest.m */; };
		18BB4EC12153E79000C4A2CD /* GCDWebServerMultiPartFormRequest.m in Sources */ = {isa = PBXBuildFile; fileRef = 18BB4EAE2153E79000C4A2CD /* GCDWebServerMultiPartFormRequest.m */; };
		18BB4EC22153E79000C4A2CD /* GCDWebServerDataRequest.m in Sources */ = {isa = PBXBuildFile; fileRef = 18BB4EAF2153E79000C4A2CD /* GCDWebServerDataRequest.m */; };
		18BB4EC32153E79000C4A2CD /* GCDWebServerFileRequest.m in Sources */ = {isa = PBXBuildFile; fileRef = 18BB4EB02153E79000C4A2CD /* GCDWebServerFileRequest.m */; };
		18BB4EC42153E79000C4A2CD /* GCDWebUploader.bundle in Resources */ = {isa = PBXBuildFile; fileRef = 18BB4EB32153E79000C4A2CD /* GCDWebUploader.bundle */; };
		18BB4EC52153E79000C4A2CD /* GCDWebUploader.m in Sources */ = {isa = PBXBuildFile; fileRef = 18BB4EB52153E79000C4A2CD /* GCDWebUploader.m */; };
		18D7E611215A57990006EC1E /* logo_book.png in Resources */ = {isa = PBXBuildFile; fileRef = 18D7E610215A57990006EC1E /* logo_book.png */; };
		18D7E616215A585E0006EC1E /* XDSBookCell.xib in Resources */ = {isa = PBXBuildFile; fileRef = 18D7E614215A585D0006EC1E /* XDSBookCell.xib */; };
		18D7E617215A585E0006EC1E /* XDSBookCell.m in Sources */ = {isa = PBXBuildFile; fileRef = 18D7E615215A585D0006EC1E /* XDSBookCell.m */; };
		A274ABEF213C522400728064 /* 十宗罪.epub in Resources */ = {isa = PBXBuildFile; fileRef = A29C5893213C47E000764DFB /* 十宗罪.epub */; };
		A29AA3F21F5A6D6300FB24EE /* UIControl+XDSHyperLink.m in Sources */ = {isa = PBXBuildFile; fileRef = A29AA3F11F5A6D6300FB24EE /* UIControl+XDSHyperLink.m */; };
		A29AA3F51F5A6D8000FB24EE /* UIView+XDSHyperLink.m in Sources */ = {isa = PBXBuildFile; fileRef = A29AA3F41F5A6D8000FB24EE /* UIView+XDSHyperLink.m */; };
		A29AA3FB1F5A8E3D00FB24EE /* XDSPhotoBrowser.m in Sources */ = {isa = PBXBuildFile; fileRef = A29AA3FA1F5A8E3D00FB24EE /* XDSPhotoBrowser.m */; };
		A2F03B46216BAE0B0093AC40 /* note.html in Resources */ = {isa = PBXBuildFile; fileRef = A2F03B45216BAE0B0093AC40 /* note.html */; };
		A2F03B49216BAF870093AC40 /* XDSNoteHTMLVC.m in Sources */ = {isa = PBXBuildFile; fileRef = A2F03B48216BAF870093AC40 /* XDSNoteHTMLVC.m */; };
		A2F03B4D216BB1BC0093AC40 /* subnote.html in Resources */ = {isa = PBXBuildFile; fileRef = A2F03B4C216BB1BC0093AC40 /* subnote.html */; };
		FC61F7AF1F14651600DA83F4 /* XDSReadPageViewController.m in Sources */ = {isa = PBXBuildFile; fileRef = FC61F7AE1F14651600DA83F4 /* XDSReadPageViewController.m */; };
		FC61F7B11F14CD4900DA83F4 /* XDSShareConfig.plist in Resources */ = {isa = PBXBuildFile; fileRef = FC61F7B01F14CD4900DA83F4 /* XDSShareConfig.plist */; };
		FC6D956D1F3378AC006A0583 /* XDSBookModel.m in Sources */ = {isa = PBXBuildFile; fileRef = FC6D95681F3378AC006A0583 /* XDSBookModel.m */; };
		FC6D956E1F3378AC006A0583 /* XDSChapterModel.m in Sources */ = {isa = PBXBuildFile; fileRef = FC6D956A1F3378AC006A0583 /* XDSChapterModel.m */; };
		FC6D956F1F3378AC006A0583 /* XDSRecordModel.m in Sources */ = {isa = PBXBuildFile; fileRef = FC6D956C1F3378AC006A0583 /* XDSRecordModel.m */; };
		FC6D95721F337938006A0583 /* XDSReadView.m in Sources */ = {isa = PBXBuildFile; fileRef = FC6D95711F337938006A0583 /* XDSReadView.m */; };
		FC88A5181F0C932A00BDF04A /* zoubianzhongguo.epub in Resources */ = {isa = PBXBuildFile; fileRef = FC88A5171F0C932A00BDF04A /* zoubianzhongguo.epub */; };
		FC88A51A1F0CCAE900BDF04A /* README.md in Sources */ = {isa = PBXBuildFile; fileRef = FC88A5191F0CCAE900BDF04A /* README.md */; };
		FCA0CD331F2F2BEA00F69962 /* 妖神记.txt in Resources */ = {isa = PBXBuildFile; fileRef = FCA0CD321F2F2BEA00F69962 /* 妖神记.txt */; };
		FCA78A521EF290F400114907 /* main.m in Sources */ = {isa = PBXBuildFile; fileRef = FCA78A511EF290F400114907 /* main.m */; };
		FCA78A551EF290F400114907 /* AppDelegate.m in Sources */ = {isa = PBXBuildFile; fileRef = FCA78A541EF290F400114907 /* AppDelegate.m */; };
		FCA78A581EF290F400114907 /* XDSMainReaderVC.m in Sources */ = {isa = PBXBuildFile; fileRef = FCA78A571EF290F400114907 /* XDSMainReaderVC.m */; };
		FCA78A5B1EF290F400114907 /* Main.storyboard in Resources */ = {isa = PBXBuildFile; fileRef = FCA78A591EF290F400114907 /* Main.storyboard */; };
		FCA78A5D1EF290F400114907 /* Assets.xcassets in Resources */ = {isa = PBXBuildFile; fileRef = FCA78A5C1EF290F400114907 /* Assets.xcassets */; };
		FCA78A601EF290F400114907 /* LaunchScreen.storyboard in Resources */ = {isa = PBXBuildFile; fileRef = FCA78A5E1EF290F400114907 /* LaunchScreen.storyboard */; };
		FCA78AD31EF2914F00114907 /* XDSIPHelper.m in Sources */ = {isa = PBXBuildFile; fileRef = FCA78AAF1EF2914F00114907 /* XDSIPHelper.m */; };
		FCA78AD41EF2914F00114907 /* XDSWIFIFileTransferViewController.m in Sources */ = {isa = PBXBuildFile; fileRef = FCA78AB11EF2914F00114907 /* XDSWIFIFileTransferViewController.m */; };
		FCA78AD51EF2914F00114907 /* XDSWIFIFileTransferViewController.xib in Resources */ = {isa = PBXBuildFile; fileRef = FCA78AB21EF2914F00114907 /* XDSWIFIFileTransferViewController.xib */; };
		FCA78B191EF2916700114907 /* XDSReadConfig.m in Sources */ = {isa = PBXBuildFile; fileRef = FCA78AD91EF2916700114907 /* XDSReadConfig.m */; };
		FCA78B311EF2916700114907 /* XDSReaderGlobleConst.m in Sources */ = {isa = PBXBuildFile; fileRef = FCA78B151EF2916700114907 /* XDSReaderGlobleConst.m */; };
		FCA78B341EF2918000114907 /* libz.tbd in Frameworks */ = {isa = PBXBuildFile; fileRef = FCA78B331EF2918000114907 /* libz.tbd */; };
		FCA78B3C1EF2935200114907 /* GTMNSString+HTML.m in Sources */ = {isa = PBXBuildFile; fileRef = FCA78B3B1EF2935200114907 /* GTMNSString+HTML.m */; settings = {COMPILER_FLAGS = "-fno-objc-arc"; }; };
		FCA78B451EF2986800114907 /* XDSMarkModel.m in Sources */ = {isa = PBXBuildFile; fileRef = FCA78B441EF2986800114907 /* XDSMarkModel.m */; };
		FCA78B481EF2994200114907 /* XDSNoteModel.m in Sources */ = {isa = PBXBuildFile; fileRef = FCA78B471EF2994200114907 /* XDSNoteModel.m */; };
		FCA78B4E1EF2DD9200114907 /* XDSReadOperation.m in Sources */ = {isa = PBXBuildFile; fileRef = FCA78B4D1EF2DD9200114907 /* XDSReadOperation.m */; };
		FCA78B7C1EF2DEB500114907 /* CXMLDocument_CreationExtensions.m in Sources */ = {isa = PBXBuildFile; fileRef = FCA78B521EF2DEB500114907 /* CXMLDocument_CreationExtensions.m */; };
		FCA78B7D1EF2DEB500114907 /* CXMLNode_CreationExtensions.m in Sources */ = {isa = PBXBuildFile; fileRef = FCA78B541EF2DEB500114907 /* CXMLNode_CreationExtensions.m */; };
		FCA78B7E1EF2DEB500114907 /* CXHTMLDocument.m in Sources */ = {isa = PBXBuildFile; fileRef = FCA78B561EF2DEB500114907 /* CXHTMLDocument.m */; };
		FCA78B7F1EF2DEB500114907 /* CXMLDocument.m in Sources */ = {isa = PBXBuildFile; fileRef = FCA78B581EF2DEB500114907 /* CXMLDocument.m */; };
		FCA78B801EF2DEB500114907 /* CXMLDocument_PrivateExtensions.m in Sources */ = {isa = PBXBuildFile; fileRef = FCA78B5A1EF2DEB500114907 /* CXMLDocument_PrivateExtensions.m */; };
		FCA78B811EF2DEB500114907 /* CXMLElement.m in Sources */ = {isa = PBXBuildFile; fileRef = FCA78B5C1EF2DEB500114907 /* CXMLElement.m */; };
		FCA78B821EF2DEB500114907 /* CXMLElement_CreationExtensions.m in Sources */ = {isa = PBXBuildFile; fileRef = FCA78B5E1EF2DEB500114907 /* CXMLElement_CreationExtensions.m */; };
		FCA78B831EF2DEB500114907 /* CXMLElement_ElementTreeExtensions.m in Sources */ = {isa = PBXBuildFile; fileRef = FCA78B601EF2DEB500114907 /* CXMLElement_ElementTreeExtensions.m */; };
		FCA78B841EF2DEB500114907 /* CXMLNamespaceNode.m in Sources */ = {isa = PBXBuildFile; fileRef = FCA78B621EF2DEB500114907 /* CXMLNamespaceNode.m */; };
		FCA78B851EF2DEB500114907 /* CXMLNode.m in Sources */ = {isa = PBXBuildFile; fileRef = FCA78B641EF2DEB500114907 /* CXMLNode.m */; };
		FCA78B861EF2DEB500114907 /* CXMLNode_PrivateExtensions.m in Sources */ = {isa = PBXBuildFile; fileRef = FCA78B661EF2DEB500114907 /* CXMLNode_PrivateExtensions.m */; };
		FCA78B871EF2DEB500114907 /* CXMLNode_XPathExtensions.m in Sources */ = {isa = PBXBuildFile; fileRef = FCA78B681EF2DEB500114907 /* CXMLNode_XPathExtensions.m */; };
		FCA78B881EF2DEB500114907 /* CXMLUnsupportedNode.m in Sources */ = {isa = PBXBuildFile; fileRef = FCA78B6A1EF2DEB500114907 /* CXMLUnsupportedNode.m */; };
		FCA78B891EF2DEB500114907 /* CTidy.m in Sources */ = {isa = PBXBuildFile; fileRef = FCA78B6D1EF2DEB500114907 /* CTidy.m */; };
		FCA78BA31EF2E37200114907 /* XDSReaderUtil.m in Sources */ = {isa = PBXBuildFile; fileRef = FCA78BA21EF2E37200114907 /* XDSReaderUtil.m */; };
		FCA78BA61EF3603A00114907 /* XDSReadManager.m in Sources */ = {isa = PBXBuildFile; fileRef = FCA78BA51EF3603A00114907 /* XDSReadManager.m */; };
		FCA78BA91EF362CA00114907 /* XDSMagnifierView.m in Sources */ = {isa = PBXBuildFile; fileRef = FCA78BA81EF362CA00114907 /* XDSMagnifierView.m */; };
		FCA78BC21EF39B6000114907 /* UIImage+ImageEffects.m in Sources */ = {isa = PBXBuildFile; fileRef = FCA78BC11EF39B6000114907 /* UIImage+ImageEffects.m */; };
		FCA78BD01EF3A2D600114907 /* 每天懂一点好玩心理学.epub in Resources */ = {isa = PBXBuildFile; fileRef = FCA78BC51EF3A2D600114907 /* 每天懂一点好玩心理学.epub */; };
		FCA78BE31EF5F6AA00114907 /* XDSReadMenu.m in Sources */ = {isa = PBXBuildFile; fileRef = FCA78BE21EF5F6AA00114907 /* XDSReadMenu.m */; };
		FCA78BE61EF6D6FE00114907 /* XDSMenuBottomView.m in Sources */ = {isa = PBXBuildFile; fileRef = FCA78BE51EF6D6FE00114907 /* XDSMenuBottomView.m */; };
		FCA78BE81EF7592100114907 /* XDSReadMenu.xcassets in Resources */ = {isa = PBXBuildFile; fileRef = FCA78BE71EF7592100114907 /* XDSReadMenu.xcassets */; };
		FCA78BEB1EF75CB300114907 /* XDSReadViewConst.m in Sources */ = {isa = PBXBuildFile; fileRef = FCA78BEA1EF75CB300114907 /* XDSReadViewConst.m */; };
		FCA78BF51EF7B2FB00114907 /* XDSReadSettingView.m in Sources */ = {isa = PBXBuildFile; fileRef = FCA78BF41EF7B2FB00114907 /* XDSReadSettingView.m */; };
		FCA78BF81EF7B67700114907 /* XDSReadRootView.m in Sources */ = {isa = PBXBuildFile; fileRef = FCA78BF71EF7B67700114907 /* XDSReadRootView.m */; };
		FCA78BFD1EF7CA5A00114907 /* XDSHaloButton.m in Sources */ = {isa = PBXBuildFile; fileRef = FCA78BFC1EF7CA5A00114907 /* XDSHaloButton.m */; };
		FCA78C011EF7CEA200114907 /* UIView+YGPulseView.m in Sources */ = {isa = PBXBuildFile; fileRef = FCA78C001EF7CEA200114907 /* UIView+YGPulseView.m */; };
		FCA78C041EF81E1A00114907 /* XDSLightView.m in Sources */ = {isa = PBXBuildFile; fileRef = FCA78C031EF81E1A00114907 /* XDSLightView.m */; };
		FCA78C071EF8EE2E00114907 /* XDSMenuTopView.m in Sources */ = {isa = PBXBuildFile; fileRef = FCA78C061EF8EE2E00114907 /* XDSMenuTopView.m */; };
		FCA78C0E1EF91EDA00114907 /* XDSCatalogueView.m in Sources */ = {isa = PBXBuildFile; fileRef = FCA78C0D1EF91EDA00114907 /* XDSCatalogueView.m */; };
		FCA78C111EF91F0800114907 /* XDSCatalogueTabBarController.m in Sources */ = {isa = PBXBuildFile; fileRef = FCA78C101EF91F0800114907 /* XDSCatalogueTabBarController.m */; };
		FCA78C141EF929AA00114907 /* XDSCatalogueViewController.m in Sources */ = {isa = PBXBuildFile; fileRef = FCA78C131EF929AA00114907 /* XDSCatalogueViewController.m */; };
		FCA78C171EF929BE00114907 /* XDSNoteViewController.m in Sources */ = {isa = PBXBuildFile; fileRef = FCA78C161EF929BE00114907 /* XDSNoteViewController.m */; };
		FCA78C1A1EF929CE00114907 /* XDSMarkViewController.m in Sources */ = {isa = PBXBuildFile; fileRef = FCA78C191EF929CE00114907 /* XDSMarkViewController.m */; };
		FCA78C271EFA00DB00114907 /* 华文彩云.ttf in Resources */ = {isa = PBXBuildFile; fileRef = FCA78C1E1EFA00DB00114907 /* 华文彩云.ttf */; };
		FCA78C281EFA00DB00114907 /* 华文新魏.ttf in Resources */ = {isa = PBXBuildFile; fileRef = FCA78C1F1EFA00DB00114907 /* 华文新魏.ttf */; };
		FCA78C2A1EFA00DB00114907 /* 华文琥珀.ttf in Resources */ = {isa = PBXBuildFile; fileRef = FCA78C211EFA00DB00114907 /* 华文琥珀.ttf */; };
		FCA78C2C1EFA00DB00114907 /* 华文行楷.ttf in Resources */ = {isa = PBXBuildFile; fileRef = FCA78C231EFA00DB00114907 /* 华文行楷.ttf */; };
		FCA78C3B1EFB793F00114907 /* XDSNoteCell.m in Sources */ = {isa = PBXBuildFile; fileRef = FCA78C3A1EFB793F00114907 /* XDSNoteCell.m */; };
		FCA78C3E1EFCA92C00114907 /* XDSNoDataView.m in Sources */ = {isa = PBXBuildFile; fileRef = FCA78C3D1EFCA92C00114907 /* XDSNoDataView.m */; };
		FCA78C401EFCA96800114907 /* XDSNoDataView.xib in Resources */ = {isa = PBXBuildFile; fileRef = FCA78C3F1EFCA96800114907 /* XDSNoDataView.xib */; };
		FCB229011F0F19C3007A0EA0 /* XDSReadViewController.m in Sources */ = {isa = PBXBuildFile; fileRef = FCB229001F0F19C3007A0EA0 /* XDSReadViewController.m */; };
/* End PBXBuildFile section */

/* Begin PBXFileReference section */
		1808D3BA215BD56300F822FD /* UIViewController+XDSReader.m */ = {isa = PBXFileReference; fileEncoding = 4; lastKnownFileType = sourcecode.c.objc; path = "UIViewController+XDSReader.m"; sourceTree = "<group>"; };
		1808D3BB215BD56300F822FD /* UIViewController+XDSReader.h */ = {isa = PBXFileReference; fileEncoding = 4; lastKnownFileType = sourcecode.c.h; path = "UIViewController+XDSReader.h"; sourceTree = "<group>"; };
		1819E0872169ABA500EBBB78 /* XDSReader.entitlements */ = {isa = PBXFileReference; lastKnownFileType = text.plist.entitlements; path = XDSReader.entitlements; sourceTree = "<group>"; };
		183B7F49216ADD420071F08E /* 不懂这些英文你就OUT了(正版).epub */ = {isa = PBXFileReference; lastKnownFileType = file; path = "不懂这些英文你就OUT了(正版).epub"; sourceTree = "<group>"; };
		183B7F4A216ADD420071F08E /* Android从入门到精通.epub */ = {isa = PBXFileReference; lastKnownFileType = file; path = "Android从入门到精通.epub"; sourceTree = "<group>"; };
		183B7F4B216ADD420071F08E /* mdjyml.txt */ = {isa = PBXFileReference; fileEncoding = 4; lastKnownFileType = text; path = mdjyml.txt; sourceTree = "<group>"; };
		183B7F4C216ADD420071F08E /* 特种神医.txt */ = {isa = PBXFileReference; fileEncoding = 4; lastKnownFileType = text; path = "特种神医.txt"; sourceTree = "<group>"; };
		183B7F4D216ADD420071F08E /* 三人成狼.txt */ = {isa = PBXFileReference; fileEncoding = 4; lastKnownFileType = text; path = "三人成狼.txt"; sourceTree = "<group>"; };
		187AD2CD215E476C00C45B69 /* NSString+XDSReader.h */ = {isa = PBXFileReference; fileEncoding = 4; lastKnownFileType = sourcecode.c.h; path = "NSString+XDSReader.h"; sourceTree = "<group>"; };
		187AD2CE215E476C00C45B69 /* NSString+XDSReader.m */ = {isa = PBXFileReference; fileEncoding = 4; lastKnownFileType = sourcecode.c.objc; path = "NSString+XDSReader.m"; sourceTree = "<group>"; };
		18B3DC7C21548BAF00FFD27E /* UIViewController+XDSReader.h */ = {isa = PBXFileReference; lastKnownFileType = sourcecode.c.h; path = "UIViewController+XDSReader.h"; sourceTree = "<group>"; };
		18B3DC7D21548BAF00FFD27E /* UIViewController+XDSReader.m */ = {isa = PBXFileReference; lastKnownFileType = sourcecode.c.objc; path = "UIViewController+XDSReader.m"; sourceTree = "<group>"; };
		18B3DC7F21549A8A00FFD27E /* XDSReaderWifiView.h */ = {isa = PBXFileReference; lastKnownFileType = sourcecode.c.h; path = XDSReaderWifiView.h; sourceTree = "<group>"; };
		18B3DC8021549A8A00FFD27E /* XDSReaderWifiView.m */ = {isa = PBXFileReference; lastKnownFileType = sourcecode.c.objc; path = XDSReaderWifiView.m; sourceTree = "<group>"; };
		18B3DC8221549A9600FFD27E /* XDSReaderWifiView.xib */ = {isa = PBXFileReference; lastKnownFileType = file.xib; path = XDSReaderWifiView.xib; sourceTree = "<group>"; };
		18BB4E2B2153D75C00C4A2CD /* XDSReaderHeader.h */ = {isa = PBXFileReference; fileEncoding = 4; lastKnownFileType = sourcecode.c.h; path = XDSReaderHeader.h; sourceTree = "<group>"; };
		18BB4E8C2153E6F400C4A2CD /* libxml2.tbd */ = {isa = PBXFileReference; lastKnownFileType = "sourcecode.text-based-dylib-definition"; name = libxml2.tbd; path = usr/lib/libxml2.tbd; sourceTree = SDKROOT; };
		18BB4E902153E79000C4A2CD /* GCDWebDAVServer.h */ = {isa = PBXFileReference; fileEncoding = 4; lastKnownFileType = sourcecode.c.h; path = GCDWebDAVServer.h; sourceTree = "<group>"; };
		18BB4E912153E79000C4A2CD /* GCDWebDAVServer.m */ = {isa = PBXFileReference; fileEncoding = 4; lastKnownFileType = sourcecode.c.objc; path = GCDWebDAVServer.m; sourceTree = "<group>"; };
		18BB4E942153E79000C4A2CD /* GCDWebServerFunctions.h */ = {isa = PBXFileReference; fileEncoding = 4; lastKnownFileType = sourcecode.c.h; path = GCDWebServerFunctions.h; sourceTree = "<group>"; };
		18BB4E952153E79000C4A2CD /* GCDWebServerPrivate.h */ = {isa = PBXFileReference; fileEncoding = 4; lastKnownFileType = sourcecode.c.h; path = GCDWebServerPrivate.h; sourceTree = "<group>"; };
		18BB4E962153E79000C4A2CD /* GCDWebServerResponse.m */ = {isa = PBXFileReference; fileEncoding = 4; lastKnownFileType = sourcecode.c.objc; path = GCDWebServerResponse.m; sourceTree = "<group>"; };
		18BB4E972153E79000C4A2CD /* GCDWebServerConnection.h */ = {isa = PBXFileReference; fileEncoding = 4; lastKnownFileType = sourcecode.c.h; path = GCDWebServerConnection.h; sourceTree = "<group>"; };
		18BB4E982153E79000C4A2CD /* GCDWebServer.h */ = {isa = PBXFileReference; fileEncoding = 4; lastKnownFileType = sourcecode.c.h; path = GCDWebServer.h; sourceTree = "<group>"; };
		18BB4E992153E79000C4A2CD /* GCDWebServerRequest.m */ = {isa = PBXFileReference; fileEncoding = 4; lastKnownFileType = sourcecode.c.objc; path = GCDWebServerRequest.m; sourceTree = "<group>"; };
		18BB4E9A2153E79000C4A2CD /* GCDWebServerHTTPStatusCodes.h */ = {isa = PBXFileReference; fileEncoding = 4; lastKnownFileType = sourcecode.c.h; path = GCDWebServerHTTPStatusCodes.h; sourceTree = "<group>"; };
		18BB4E9B2153E79000C4A2CD /* GCDWebServerResponse.h */ = {isa = PBXFileReference; fileEncoding = 4; lastKnownFileType = sourcecode.c.h; path = GCDWebServerResponse.h; sourceTree = "<group>"; };
		18BB4E9C2153E79000C4A2CD /* GCDWebServerFunctions.m */ = {isa = PBXFileReference; fileEncoding = 4; lastKnownFileType = sourcecode.c.objc; path = GCDWebServerFunctions.m; sourceTree = "<group>"; };
		18BB4E9D2153E79000C4A2CD /* GCDWebServer.m */ = {isa = PBXFileReference; fileEncoding = 4; lastKnownFileType = sourcecode.c.objc; path = GCDWebServer.m; sourceTree = "<group>"; };
		18BB4E9E2153E79000C4A2CD /* GCDWebServerConnection.m */ = {isa = PBXFileReference; fileEncoding = 4; lastKnownFileType = sourcecode.c.objc; path = GCDWebServerConnection.m; sourceTree = "<group>"; };
		18BB4E9F2153E79000C4A2CD /* GCDWebServerRequest.h */ = {isa = PBXFileReference; fileEncoding = 4; lastKnownFileType = sourcecode.c.h; path = GCDWebServerRequest.h; sourceTree = "<group>"; };
		18BB4EA12153E79000C4A2CD /* GCDWebServerFileResponse.h */ = {isa = PBXFileReference; fileEncoding = 4; lastKnownFileType = sourcecode.c.h; path = GCDWebServerFileResponse.h; sourceTree = "<group>"; };
		18BB4EA22153E79000C4A2CD /* GCDWebServerStreamedResponse.h */ = {isa = PBXFileReference; fileEncoding = 4; lastKnownFileType = sourcecode.c.h; path = GCDWebServerStreamedResponse.h; sourceTree = "<group>"; };
		18BB4EA32153E79000C4A2CD /* GCDWebServerErrorResponse.m */ = {isa = PBXFileReference; fileEncoding = 4; lastKnownFileType = sourcecode.c.objc; path = GCDWebServerErrorResponse.m; sourceTree = "<group>"; };
		18BB4EA42153E79000C4A2CD /* GCDWebServerDataResponse.h */ = {isa = PBXFileReference; fileEncoding = 4; lastKnownFileType = sourcecode.c.h; path = GCDWebServerDataResponse.h; sourceTree = "<group>"; };
		18BB4EA52153E79000C4A2CD /* GCDWebServerFileResponse.m */ = {isa = PBXFileReference; fileEncoding = 4; lastKnownFileType = sourcecode.c.objc; path = GCDWebServerFileResponse.m; sourceTree = "<group>"; };
		18BB4EA62153E79000C4A2CD /* GCDWebServerDataResponse.m */ = {isa = PBXFileReference; fileEncoding = 4; lastKnownFileType = sourcecode.c.objc; path = GCDWebServerDataResponse.m; sourceTree = "<group>"; };
		18BB4EA72153E79000C4A2CD /* GCDWebServerErrorResponse.h */ = {isa = PBXFileReference; fileEncoding = 4; lastKnownFileType = sourcecode.c.h; path = GCDWebServerErrorResponse.h; sourceTree = "<group>"; };
		18BB4EA82153E79000C4A2CD /* GCDWebServerStreamedResponse.m */ = {isa = PBXFileReference; fileEncoding = 4; lastKnownFileType = sourcecode.c.objc; path = GCDWebServerStreamedResponse.m; sourceTree = "<group>"; };
		18BB4EAA2153E79000C4A2CD /* GCDWebServerDataRequest.h */ = {isa = PBXFileReference; fileEncoding = 4; lastKnownFileType = sourcecode.c.h; path = GCDWebServerDataRequest.h; sourceTree = "<group>"; };
		18BB4EAB2153E79000C4A2CD /* GCDWebServerMultiPartFormRequest.h */ = {isa = PBXFileReference; fileEncoding = 4; lastKnownFileType = sourcecode.c.h; path = GCDWebServerMultiPartFormRequest.h; sourceTree = "<group>"; };
		18BB4EAC2153E79000C4A2CD /* GCDWebServerFileRequest.h */ = {isa = PBXFileReference; fileEncoding = 4; lastKnownFileType = sourcecode.c.h; path = GCDWebServerFileRequest.h; sourceTree = "<group>"; };
		18BB4EAD2153E79000C4A2CD /* GCDWebServerURLEncodedFormRequest.m */ = {isa = PBXFileReference; fileEncoding = 4; lastKnownFileType = sourcecode.c.objc; path = GCDWebServerURLEncodedFormRequest.m; sourceTree = "<group>"; };
		18BB4EAE2153E79000C4A2CD /* GCDWebServerMultiPartFormRequest.m */ = {isa = PBXFileReference; fileEncoding = 4; lastKnownFileType = sourcecode.c.objc; path = GCDWebServerMultiPartFormRequest.m; sourceTree = "<group>"; };
		18BB4EAF2153E79000C4A2CD /* GCDWebServerDataRequest.m */ = {isa = PBXFileReference; fileEncoding = 4; lastKnownFileType = sourcecode.c.objc; path = GCDWebServerDataRequest.m; sourceTree = "<group>"; };
		18BB4EB02153E79000C4A2CD /* GCDWebServerFileRequest.m */ = {isa = PBXFileReference; fileEncoding = 4; lastKnownFileType = sourcecode.c.objc; path = GCDWebServerFileRequest.m; sourceTree = "<group>"; };
		18BB4EB12153E79000C4A2CD /* GCDWebServerURLEncodedFormRequest.h */ = {isa = PBXFileReference; fileEncoding = 4; lastKnownFileType = sourcecode.c.h; path = GCDWebServerURLEncodedFormRequest.h; sourceTree = "<group>"; };
		18BB4EB32153E79000C4A2CD /* GCDWebUploader.bundle */ = {isa = PBXFileReference; lastKnownFileType = "wrapper.plug-in"; path = GCDWebUploader.bundle; sourceTree = "<group>"; };
		18BB4EB42153E79000C4A2CD /* GCDWebUploader.h */ = {isa = PBXFileReference; fileEncoding = 4; lastKnownFileType = sourcecode.c.h; path = GCDWebUploader.h; sourceTree = "<group>"; };
		18BB4EB52153E79000C4A2CD /* GCDWebUploader.m */ = {isa = PBXFileReference; fileEncoding = 4; lastKnownFileType = sourcecode.c.objc; path = GCDWebUploader.m; sourceTree = "<group>"; };
		18D7E610215A57990006EC1E /* logo_book.png */ = {isa = PBXFileReference; lastKnownFileType = image.png; name = logo_book.png; path = XDSReader/WiFiFileTransfer/logo_book.png; sourceTree = SOURCE_ROOT; };
		18D7E613215A585D0006EC1E /* XDSBookCell.h */ = {isa = PBXFileReference; fileEncoding = 4; lastKnownFileType = sourcecode.c.h; path = XDSBookCell.h; sourceTree = "<group>"; };
		18D7E614215A585D0006EC1E /* XDSBookCell.xib */ = {isa = PBXFileReference; fileEncoding = 4; lastKnownFileType = file.xib; path = XDSBookCell.xib; sourceTree = "<group>"; };
		18D7E615215A585D0006EC1E /* XDSBookCell.m */ = {isa = PBXFileReference; fileEncoding = 4; lastKnownFileType = sourcecode.c.objc; path = XDSBookCell.m; sourceTree = "<group>"; };
		39079157DFAB83B2A1877F23 /* Pods-XDSReader.release.xcconfig */ = {isa = PBXFileReference; includeInIndex = 1; lastKnownFileType = text.xcconfig; name = "Pods-XDSReader.release.xcconfig"; path = "Pods/Target Support Files/Pods-XDSReader/Pods-XDSReader.release.xcconfig"; sourceTree = "<group>"; };
		566644BA861A753275F3D3DE /* Pods-XDSReader.debug.xcconfig */ = {isa = PBXFileReference; includeInIndex = 1; lastKnownFileType = text.xcconfig; name = "Pods-XDSReader.debug.xcconfig"; path = "Pods/Target Support Files/Pods-XDSReader/Pods-XDSReader.debug.xcconfig"; sourceTree = "<group>"; };
		8BC7F5927F6C835989775828 /* Pods_XDSReader.framework */ = {isa = PBXFileReference; explicitFileType = wrapper.framework; includeInIndex = 0; path = Pods_XDSReader.framework; sourceTree = BUILT_PRODUCTS_DIR; };
		A29AA3F01F5A6D6300FB24EE /* UIControl+XDSHyperLink.h */ = {isa = PBXFileReference; fileEncoding = 4; lastKnownFileType = sourcecode.c.h; path = "UIControl+XDSHyperLink.h"; sourceTree = "<group>"; };
		A29AA3F11F5A6D6300FB24EE /* UIControl+XDSHyperLink.m */ = {isa = PBXFileReference; fileEncoding = 4; lastKnownFileType = sourcecode.c.objc; path = "UIControl+XDSHyperLink.m"; sourceTree = "<group>"; };
		A29AA3F31F5A6D8000FB24EE /* UIView+XDSHyperLink.h */ = {isa = PBXFileReference; fileEncoding = 4; lastKnownFileType = sourcecode.c.h; path = "UIView+XDSHyperLink.h"; sourceTree = "<group>"; };
		A29AA3F41F5A6D8000FB24EE /* UIView+XDSHyperLink.m */ = {isa = PBXFileReference; fileEncoding = 4; lastKnownFileType = sourcecode.c.objc; path = "UIView+XDSHyperLink.m"; sourceTree = "<group>"; };
		A29AA3F91F5A8E3D00FB24EE /* XDSPhotoBrowser.h */ = {isa = PBXFileReference; fileEncoding = 4; lastKnownFileType = sourcecode.c.h; path = XDSPhotoBrowser.h; sourceTree = "<group>"; };
		A29AA3FA1F5A8E3D00FB24EE /* XDSPhotoBrowser.m */ = {isa = PBXFileReference; fileEncoding = 4; lastKnownFileType = sourcecode.c.objc; path = XDSPhotoBrowser.m; sourceTree = "<group>"; };
		A29C5893213C47E000764DFB /* 十宗罪.epub */ = {isa = PBXFileReference; lastKnownFileType = file; path = "十宗罪.epub"; sourceTree = "<group>"; };
		A2F03B45216BAE0B0093AC40 /* note.html */ = {isa = PBXFileReference; fileEncoding = 4; lastKnownFileType = text.html; path = note.html; sourceTree = "<group>"; };
		A2F03B47216BAF870093AC40 /* XDSNoteHTMLVC.h */ = {isa = PBXFileReference; lastKnownFileType = sourcecode.c.h; path = XDSNoteHTMLVC.h; sourceTree = "<group>"; };
		A2F03B48216BAF870093AC40 /* XDSNoteHTMLVC.m */ = {isa = PBXFileReference; lastKnownFileType = sourcecode.c.objc; path = XDSNoteHTMLVC.m; sourceTree = "<group>"; };
		A2F03B4C216BB1BC0093AC40 /* subnote.html */ = {isa = PBXFileReference; fileEncoding = 4; lastKnownFileType = text.html; path = subnote.html; sourceTree = "<group>"; };
		FC61F7AD1F14651600DA83F4 /* XDSReadPageViewController.h */ = {isa = PBXFileReference; fileEncoding = 4; lastKnownFileType = sourcecode.c.h; path = XDSReadPageViewController.h; sourceTree = "<group>"; };
		FC61F7AE1F14651600DA83F4 /* XDSReadPageViewController.m */ = {isa = PBXFileReference; fileEncoding = 4; lastKnownFileType = sourcecode.c.objc; path = XDSReadPageViewController.m; sourceTree = "<group>"; };
		FC61F7B01F14CD4900DA83F4 /* XDSShareConfig.plist */ = {isa = PBXFileReference; fileEncoding = 4; lastKnownFileType = text.plist.xml; path = XDSShareConfig.plist; sourceTree = "<group>"; };
		FC6D95671F3378AC006A0583 /* XDSBookModel.h */ = {isa = PBXFileReference; fileEncoding = 4; lastKnownFileType = sourcecode.c.h; path = XDSBookModel.h; sourceTree = "<group>"; };
		FC6D95681F3378AC006A0583 /* XDSBookModel.m */ = {isa = PBXFileReference; fileEncoding = 4; lastKnownFileType = sourcecode.c.objc; path = XDSBookModel.m; sourceTree = "<group>"; };
		FC6D95691F3378AC006A0583 /* XDSChapterModel.h */ = {isa = PBXFileReference; fileEncoding = 4; lastKnownFileType = sourcecode.c.h; path = XDSChapterModel.h; sourceTree = "<group>"; };
		FC6D956A1F3378AC006A0583 /* XDSChapterModel.m */ = {isa = PBXFileReference; fileEncoding = 4; lastKnownFileType = sourcecode.c.objc; path = XDSChapterModel.m; sourceTree = "<group>"; };
		FC6D956B1F3378AC006A0583 /* XDSRecordModel.h */ = {isa = PBXFileReference; fileEncoding = 4; lastKnownFileType = sourcecode.c.h; path = XDSRecordModel.h; sourceTree = "<group>"; };
		FC6D956C1F3378AC006A0583 /* XDSRecordModel.m */ = {isa = PBXFileReference; fileEncoding = 4; lastKnownFileType = sourcecode.c.objc; path = XDSRecordModel.m; sourceTree = "<group>"; };
		FC6D95701F337938006A0583 /* XDSReadView.h */ = {isa = PBXFileReference; fileEncoding = 4; lastKnownFileType = sourcecode.c.h; path = XDSReadView.h; sourceTree = "<group>"; };
		FC6D95711F337938006A0583 /* XDSReadView.m */ = {isa = PBXFileReference; fileEncoding = 4; lastKnownFileType = sourcecode.c.objc; path = XDSReadView.m; sourceTree = "<group>"; };
		FC88A5171F0C932A00BDF04A /* zoubianzhongguo.epub */ = {isa = PBXFileReference; lastKnownFileType = file; path = zoubianzhongguo.epub; sourceTree = "<group>"; };
		FC88A5191F0CCAE900BDF04A /* README.md */ = {isa = PBXFileReference; fileEncoding = 4; lastKnownFileType = net.daringfireball.markdown; name = README.md; path = ../../README.md; sourceTree = "<group>"; };
		FCA0CD321F2F2BEA00F69962 /* 妖神记.txt */ = {isa = PBXFileReference; fileEncoding = 4; lastKnownFileType = text; path = "妖神记.txt"; sourceTree = "<group>"; };
		FCA78A4D1EF290F400114907 /* XDSReader.app */ = {isa = PBXFileReference; explicitFileType = wrapper.application; includeInIndex = 0; path = XDSReader.app; sourceTree = BUILT_PRODUCTS_DIR; };
		FCA78A511EF290F400114907 /* main.m */ = {isa = PBXFileReference; lastKnownFileType = sourcecode.c.objc; path = main.m; sourceTree = "<group>"; };
		FCA78A531EF290F400114907 /* AppDelegate.h */ = {isa = PBXFileReference; lastKnownFileType = sourcecode.c.h; path = AppDelegate.h; sourceTree = "<group>"; };
		FCA78A541EF290F400114907 /* AppDelegate.m */ = {isa = PBXFileReference; lastKnownFileType = sourcecode.c.objc; path = AppDelegate.m; sourceTree = "<group>"; };
		FCA78A561EF290F400114907 /* XDSMainReaderVC.h */ = {isa = PBXFileReference; lastKnownFileType = sourcecode.c.h; path = XDSMainReaderVC.h; sourceTree = "<group>"; };
		FCA78A571EF290F400114907 /* XDSMainReaderVC.m */ = {isa = PBXFileReference; lastKnownFileType = sourcecode.c.objc; path = XDSMainReaderVC.m; sourceTree = "<group>"; };
		FCA78A5A1EF290F400114907 /* Base */ = {isa = PBXFileReference; lastKnownFileType = file.storyboard; name = Base; path = Base.lproj/Main.storyboard; sourceTree = "<group>"; };
		FCA78A5C1EF290F400114907 /* Assets.xcassets */ = {isa = PBXFileReference; lastKnownFileType = folder.assetcatalog; path = Assets.xcassets; sourceTree = "<group>"; };
		FCA78A5F1EF290F400114907 /* Base */ = {isa = PBXFileReference; lastKnownFileType = file.storyboard; name = Base; path = Base.lproj/LaunchScreen.storyboard; sourceTree = "<group>"; };
		FCA78A611EF290F400114907 /* Info.plist */ = {isa = PBXFileReference; lastKnownFileType = text.plist.xml; path = Info.plist; sourceTree = "<group>"; };
		FCA78A671EF290FF00114907 /* PrefixHeader.pch */ = {isa = PBXFileReference; lastKnownFileType = sourcecode.c.h; path = PrefixHeader.pch; sourceTree = "<group>"; };
		FCA78AAE1EF2914F00114907 /* XDSIPHelper.h */ = {isa = PBXFileReference; fileEncoding = 4; lastKnownFileType = sourcecode.c.h; path = XDSIPHelper.h; sourceTree = "<group>"; };
		FCA78AAF1EF2914F00114907 /* XDSIPHelper.m */ = {isa = PBXFileReference; fileEncoding = 4; lastKnownFileType = sourcecode.c.objc; path = XDSIPHelper.m; sourceTree = "<group>"; };
		FCA78AB01EF2914F00114907 /* XDSWIFIFileTransferViewController.h */ = {isa = PBXFileReference; fileEncoding = 4; lastKnownFileType = sourcecode.c.h; path = XDSWIFIFileTransferViewController.h; sourceTree = "<group>"; };
		FCA78AB11EF2914F00114907 /* XDSWIFIFileTransferViewController.m */ = {isa = PBXFileReference; fileEncoding = 4; lastKnownFileType = sourcecode.c.objc; path = XDSWIFIFileTransferViewController.m; sourceTree = "<group>"; };
		FCA78AB21EF2914F00114907 /* XDSWIFIFileTransferViewController.xib */ = {isa = PBXFileReference; fileEncoding = 4; lastKnownFileType = file.xib; path = XDSWIFIFileTransferViewController.xib; sourceTree = "<group>"; };
		FCA78AD81EF2916700114907 /* XDSReadConfig.h */ = {isa = PBXFileReference; fileEncoding = 4; lastKnownFileType = sourcecode.c.h; path = XDSReadConfig.h; sourceTree = "<group>"; };
		FCA78AD91EF2916700114907 /* XDSReadConfig.m */ = {isa = PBXFileReference; fileEncoding = 4; lastKnownFileType = sourcecode.c.objc; path = XDSReadConfig.m; sourceTree = "<group>"; };
		FCA78B141EF2916700114907 /* XDSReaderGlobleConst.h */ = {isa = PBXFileReference; fileEncoding = 4; lastKnownFileType = sourcecode.c.h; path = XDSReaderGlobleConst.h; sourceTree = "<group>"; };
		FCA78B151EF2916700114907 /* XDSReaderGlobleConst.m */ = {isa = PBXFileReference; fileEncoding = 4; lastKnownFileType = sourcecode.c.objc; path = XDSReaderGlobleConst.m; sourceTree = "<group>"; };
		FCA78B331EF2918000114907 /* libz.tbd */ = {isa = PBXFileReference; lastKnownFileType = "sourcecode.text-based-dylib-definition"; name = libz.tbd; path = usr/lib/libz.tbd; sourceTree = SDKROOT; };
		FCA78B391EF2935200114907 /* GTMDefines.h */ = {isa = PBXFileReference; fileEncoding = 4; lastKnownFileType = sourcecode.c.h; path = GTMDefines.h; sourceTree = "<group>"; };
		FCA78B3A1EF2935200114907 /* GTMNSString+HTML.h */ = {isa = PBXFileReference; fileEncoding = 4; lastKnownFileType = sourcecode.c.h; path = "GTMNSString+HTML.h"; sourceTree = "<group>"; };
		FCA78B3B1EF2935200114907 /* GTMNSString+HTML.m */ = {isa = PBXFileReference; fileEncoding = 4; lastKnownFileType = sourcecode.c.objc; path = "GTMNSString+HTML.m"; sourceTree = "<group>"; };
		FCA78B431EF2986800114907 /* XDSMarkModel.h */ = {isa = PBXFileReference; fileEncoding = 4; lastKnownFileType = sourcecode.c.h; path = XDSMarkModel.h; sourceTree = "<group>"; };
		FCA78B441EF2986800114907 /* XDSMarkModel.m */ = {isa = PBXFileReference; fileEncoding = 4; lastKnownFileType = sourcecode.c.objc; path = XDSMarkModel.m; sourceTree = "<group>"; };
		FCA78B461EF2994200114907 /* XDSNoteModel.h */ = {isa = PBXFileReference; fileEncoding = 4; lastKnownFileType = sourcecode.c.h; path = XDSNoteModel.h; sourceTree = "<group>"; };
		FCA78B471EF2994200114907 /* XDSNoteModel.m */ = {isa = PBXFileReference; fileEncoding = 4; lastKnownFileType = sourcecode.c.objc; path = XDSNoteModel.m; sourceTree = "<group>"; };
		FCA78B4C1EF2DD9200114907 /* XDSReadOperation.h */ = {isa = PBXFileReference; fileEncoding = 4; lastKnownFileType = sourcecode.c.h; path = XDSReadOperation.h; sourceTree = "<group>"; };
		FCA78B4D1EF2DD9200114907 /* XDSReadOperation.m */ = {isa = PBXFileReference; fileEncoding = 4; lastKnownFileType = sourcecode.c.objc; path = XDSReadOperation.m; sourceTree = "<group>"; };
		FCA78B511EF2DEB500114907 /* CXMLDocument_CreationExtensions.h */ = {isa = PBXFileReference; fileEncoding = 4; lastKnownFileType = sourcecode.c.h; path = CXMLDocument_CreationExtensions.h; sourceTree = "<group>"; };
		FCA78B521EF2DEB500114907 /* CXMLDocument_CreationExtensions.m */ = {isa = PBXFileReference; fileEncoding = 4; lastKnownFileType = sourcecode.c.objc; path = CXMLDocument_CreationExtensions.m; sourceTree = "<group>"; };
		FCA78B531EF2DEB500114907 /* CXMLNode_CreationExtensions.h */ = {isa = PBXFileReference; fileEncoding = 4; lastKnownFileType = sourcecode.c.h; path = CXMLNode_CreationExtensions.h; sourceTree = "<group>"; };
		FCA78B541EF2DEB500114907 /* CXMLNode_CreationExtensions.m */ = {isa = PBXFileReference; fileEncoding = 4; lastKnownFileType = sourcecode.c.objc; path = CXMLNode_CreationExtensions.m; sourceTree = "<group>"; };
		FCA78B551EF2DEB500114907 /* CXHTMLDocument.h */ = {isa = PBXFileReference; fileEncoding = 4; lastKnownFileType = sourcecode.c.h; path = CXHTMLDocument.h; sourceTree = "<group>"; };
		FCA78B561EF2DEB500114907 /* CXHTMLDocument.m */ = {isa = PBXFileReference; fileEncoding = 4; lastKnownFileType = sourcecode.c.objc; path = CXHTMLDocument.m; sourceTree = "<group>"; };
		FCA78B571EF2DEB500114907 /* CXMLDocument.h */ = {isa = PBXFileReference; fileEncoding = 4; lastKnownFileType = sourcecode.c.h; path = CXMLDocument.h; sourceTree = "<group>"; };
		FCA78B581EF2DEB500114907 /* CXMLDocument.m */ = {isa = PBXFileReference; fileEncoding = 4; lastKnownFileType = sourcecode.c.objc; path = CXMLDocument.m; sourceTree = "<group>"; };
		FCA78B591EF2DEB500114907 /* CXMLDocument_PrivateExtensions.h */ = {isa = PBXFileReference; fileEncoding = 4; lastKnownFileType = sourcecode.c.h; path = CXMLDocument_PrivateExtensions.h; sourceTree = "<group>"; };
		FCA78B5A1EF2DEB500114907 /* CXMLDocument_PrivateExtensions.m */ = {isa = PBXFileReference; fileEncoding = 4; lastKnownFileType = sourcecode.c.objc; path = CXMLDocument_PrivateExtensions.m; sourceTree = "<group>"; };
		FCA78B5B1EF2DEB500114907 /* CXMLElement.h */ = {isa = PBXFileReference; fileEncoding = 4; lastKnownFileType = sourcecode.c.h; path = CXMLElement.h; sourceTree = "<group>"; };
		FCA78B5C1EF2DEB500114907 /* CXMLElement.m */ = {isa = PBXFileReference; fileEncoding = 4; lastKnownFileType = sourcecode.c.objc; path = CXMLElement.m; sourceTree = "<group>"; };
		FCA78B5D1EF2DEB500114907 /* CXMLElement_CreationExtensions.h */ = {isa = PBXFileReference; fileEncoding = 4; lastKnownFileType = sourcecode.c.h; path = CXMLElement_CreationExtensions.h; sourceTree = "<group>"; };
		FCA78B5E1EF2DEB500114907 /* CXMLElement_CreationExtensions.m */ = {isa = PBXFileReference; fileEncoding = 4; lastKnownFileType = sourcecode.c.objc; path = CXMLElement_CreationExtensions.m; sourceTree = "<group>"; };
		FCA78B5F1EF2DEB500114907 /* CXMLElement_ElementTreeExtensions.h */ = {isa = PBXFileReference; fileEncoding = 4; lastKnownFileType = sourcecode.c.h; path = CXMLElement_ElementTreeExtensions.h; sourceTree = "<group>"; };
		FCA78B601EF2DEB500114907 /* CXMLElement_ElementTreeExtensions.m */ = {isa = PBXFileReference; fileEncoding = 4; lastKnownFileType = sourcecode.c.objc; path = CXMLElement_ElementTreeExtensions.m; sourceTree = "<group>"; };
		FCA78B611EF2DEB500114907 /* CXMLNamespaceNode.h */ = {isa = PBXFileReference; fileEncoding = 4; lastKnownFileType = sourcecode.c.h; path = CXMLNamespaceNode.h; sourceTree = "<group>"; };
		FCA78B621EF2DEB500114907 /* CXMLNamespaceNode.m */ = {isa = PBXFileReference; fileEncoding = 4; lastKnownFileType = sourcecode.c.objc; path = CXMLNamespaceNode.m; sourceTree = "<group>"; };
		FCA78B631EF2DEB500114907 /* CXMLNode.h */ = {isa = PBXFileReference; fileEncoding = 4; lastKnownFileType = sourcecode.c.h; path = CXMLNode.h; sourceTree = "<group>"; };
		FCA78B641EF2DEB500114907 /* CXMLNode.m */ = {isa = PBXFileReference; fileEncoding = 4; lastKnownFileType = sourcecode.c.objc; path = CXMLNode.m; sourceTree = "<group>"; };
		FCA78B651EF2DEB500114907 /* CXMLNode_PrivateExtensions.h */ = {isa = PBXFileReference; fileEncoding = 4; lastKnownFileType = sourcecode.c.h; path = CXMLNode_PrivateExtensions.h; sourceTree = "<group>"; };
		FCA78B661EF2DEB500114907 /* CXMLNode_PrivateExtensions.m */ = {isa = PBXFileReference; fileEncoding = 4; lastKnownFileType = sourcecode.c.objc; path = CXMLNode_PrivateExtensions.m; sourceTree = "<group>"; };
		FCA78B671EF2DEB500114907 /* CXMLNode_XPathExtensions.h */ = {isa = PBXFileReference; fileEncoding = 4; lastKnownFileType = sourcecode.c.h; path = CXMLNode_XPathExtensions.h; sourceTree = "<group>"; };
		FCA78B681EF2DEB500114907 /* CXMLNode_XPathExtensions.m */ = {isa = PBXFileReference; fileEncoding = 4; lastKnownFileType = sourcecode.c.objc; path = CXMLNode_XPathExtensions.m; sourceTree = "<group>"; };
		FCA78B691EF2DEB500114907 /* CXMLUnsupportedNode.h */ = {isa = PBXFileReference; fileEncoding = 4; lastKnownFileType = sourcecode.c.h; path = CXMLUnsupportedNode.h; sourceTree = "<group>"; };
		FCA78B6A1EF2DEB500114907 /* CXMLUnsupportedNode.m */ = {isa = PBXFileReference; fileEncoding = 4; lastKnownFileType = sourcecode.c.objc; path = CXMLUnsupportedNode.m; sourceTree = "<group>"; };
		FCA78B6C1EF2DEB500114907 /* CTidy.h */ = {isa = PBXFileReference; fileEncoding = 4; lastKnownFileType = sourcecode.c.h; path = CTidy.h; sourceTree = "<group>"; };
		FCA78B6D1EF2DEB500114907 /* CTidy.m */ = {isa = PBXFileReference; fileEncoding = 4; lastKnownFileType = sourcecode.c.objc; path = CTidy.m; sourceTree = "<group>"; };
		FCA78B6E1EF2DEB500114907 /* TouchXML.h */ = {isa = PBXFileReference; fileEncoding = 4; lastKnownFileType = sourcecode.c.h; path = TouchXML.h; sourceTree = "<group>"; };
		FCA78BA11EF2E37200114907 /* XDSReaderUtil.h */ = {isa = PBXFileReference; fileEncoding = 4; lastKnownFileType = sourcecode.c.h; path = XDSReaderUtil.h; sourceTree = "<group>"; };
		FCA78BA21EF2E37200114907 /* XDSReaderUtil.m */ = {isa = PBXFileReference; fileEncoding = 4; lastKnownFileType = sourcecode.c.objc; path = XDSReaderUtil.m; sourceTree = "<group>"; };
		FCA78BA41EF3603A00114907 /* XDSReadManager.h */ = {isa = PBXFileReference; fileEncoding = 4; lastKnownFileType = sourcecode.c.h; path = XDSReadManager.h; sourceTree = "<group>"; };
		FCA78BA51EF3603A00114907 /* XDSReadManager.m */ = {isa = PBXFileReference; fileEncoding = 4; lastKnownFileType = sourcecode.c.objc; path = XDSReadManager.m; sourceTree = "<group>"; };
		FCA78BA71EF362CA00114907 /* XDSMagnifierView.h */ = {isa = PBXFileReference; fileEncoding = 4; lastKnownFileType = sourcecode.c.h; path = XDSMagnifierView.h; sourceTree = "<group>"; };
		FCA78BA81EF362CA00114907 /* XDSMagnifierView.m */ = {isa = PBXFileReference; fileEncoding = 4; lastKnownFileType = sourcecode.c.objc; path = XDSMagnifierView.m; sourceTree = "<group>"; };
		FCA78BAD1EF363DD00114907 /* XDSReaderDelegate.h */ = {isa = PBXFileReference; lastKnownFileType = sourcecode.c.h; path = XDSReaderDelegate.h; sourceTree = "<group>"; };
		FCA78BC01EF39B6000114907 /* UIImage+ImageEffects.h */ = {isa = PBXFileReference; fileEncoding = 4; lastKnownFileType = sourcecode.c.h; path = "UIImage+ImageEffects.h"; sourceTree = "<group>"; };
		FCA78BC11EF39B6000114907 /* UIImage+ImageEffects.m */ = {isa = PBXFileReference; fileEncoding = 4; lastKnownFileType = sourcecode.c.objc; path = "UIImage+ImageEffects.m"; sourceTree = "<group>"; };
		FCA78BC51EF3A2D600114907 /* 每天懂一点好玩心理学.epub */ = {isa = PBXFileReference; lastKnownFileType = file; path = "每天懂一点好玩心理学.epub"; sourceTree = "<group>"; };
		FCA78BC61EF3A2D600114907 /* mdjyml.txt */ = {isa = PBXFileReference; fileEncoding = 4; lastKnownFileType = text; path = mdjyml.txt; sourceTree = "<group>"; };
		FCA78BE11EF5F6AA00114907 /* XDSReadMenu.h */ = {isa = PBXFileReference; fileEncoding = 4; lastKnownFileType = sourcecode.c.h; path = XDSReadMenu.h; sourceTree = "<group>"; };
		FCA78BE21EF5F6AA00114907 /* XDSReadMenu.m */ = {isa = PBXFileReference; fileEncoding = 4; lastKnownFileType = sourcecode.c.objc; path = XDSReadMenu.m; sourceTree = "<group>"; };
		FCA78BE41EF6D6FE00114907 /* XDSMenuBottomView.h */ = {isa = PBXFileReference; fileEncoding = 4; lastKnownFileType = sourcecode.c.h; path = XDSMenuBottomView.h; sourceTree = "<group>"; };
		FCA78BE51EF6D6FE00114907 /* XDSMenuBottomView.m */ = {isa = PBXFileReference; fileEncoding = 4; lastKnownFileType = sourcecode.c.objc; path = XDSMenuBottomView.m; sourceTree = "<group>"; };
		FCA78BE71EF7592100114907 /* XDSReadMenu.xcassets */ = {isa = PBXFileReference; lastKnownFileType = folder.assetcatalog; path = XDSReadMenu.xcassets; sourceTree = "<group>"; };
		FCA78BE91EF75CB300114907 /* XDSReadViewConst.h */ = {isa = PBXFileReference; fileEncoding = 4; lastKnownFileType = sourcecode.c.h; path = XDSReadViewConst.h; sourceTree = "<group>"; };
		FCA78BEA1EF75CB300114907 /* XDSReadViewConst.m */ = {isa = PBXFileReference; fileEncoding = 4; lastKnownFileType = sourcecode.c.objc; path = XDSReadViewConst.m; sourceTree = "<group>"; };
		FCA78BF31EF7B2FB00114907 /* XDSReadSettingView.h */ = {isa = PBXFileReference; fileEncoding = 4; lastKnownFileType = sourcecode.c.h; path = XDSReadSettingView.h; sourceTree = "<group>"; };
		FCA78BF41EF7B2FB00114907 /* XDSReadSettingView.m */ = {isa = PBXFileReference; fileEncoding = 4; lastKnownFileType = sourcecode.c.objc; path = XDSReadSettingView.m; sourceTree = "<group>"; };
		FCA78BF61EF7B67700114907 /* XDSReadRootView.h */ = {isa = PBXFileReference; fileEncoding = 4; lastKnownFileType = sourcecode.c.h; path = XDSReadRootView.h; sourceTree = "<group>"; };
		FCA78BF71EF7B67700114907 /* XDSReadRootView.m */ = {isa = PBXFileReference; fileEncoding = 4; lastKnownFileType = sourcecode.c.objc; path = XDSReadRootView.m; sourceTree = "<group>"; };
		FCA78BFB1EF7CA5A00114907 /* XDSHaloButton.h */ = {isa = PBXFileReference; fileEncoding = 4; lastKnownFileType = sourcecode.c.h; path = XDSHaloButton.h; sourceTree = "<group>"; };
		FCA78BFC1EF7CA5A00114907 /* XDSHaloButton.m */ = {isa = PBXFileReference; fileEncoding = 4; lastKnownFileType = sourcecode.c.objc; path = XDSHaloButton.m; sourceTree = "<group>"; };
		FCA78BFF1EF7CEA200114907 /* UIView+YGPulseView.h */ = {isa = PBXFileReference; fileEncoding = 4; lastKnownFileType = sourcecode.c.h; path = "UIView+YGPulseView.h"; sourceTree = "<group>"; };
		FCA78C001EF7CEA200114907 /* UIView+YGPulseView.m */ = {isa = PBXFileReference; fileEncoding = 4; lastKnownFileType = sourcecode.c.objc; path = "UIView+YGPulseView.m"; sourceTree = "<group>"; };
		FCA78C021EF81E1A00114907 /* XDSLightView.h */ = {isa = PBXFileReference; fileEncoding = 4; lastKnownFileType = sourcecode.c.h; path = XDSLightView.h; sourceTree = "<group>"; };
		FCA78C031EF81E1A00114907 /* XDSLightView.m */ = {isa = PBXFileReference; fileEncoding = 4; lastKnownFileType = sourcecode.c.objc; path = XDSLightView.m; sourceTree = "<group>"; };
		FCA78C051EF8EE2E00114907 /* XDSMenuTopView.h */ = {isa = PBXFileReference; fileEncoding = 4; lastKnownFileType = sourcecode.c.h; path = XDSMenuTopView.h; sourceTree = "<group>"; };
		FCA78C061EF8EE2E00114907 /* XDSMenuTopView.m */ = {isa = PBXFileReference; fileEncoding = 4; lastKnownFileType = sourcecode.c.objc; path = XDSMenuTopView.m; sourceTree = "<group>"; };
		FCA78C0C1EF91EDA00114907 /* XDSCatalogueView.h */ = {isa = PBXFileReference; fileEncoding = 4; lastKnownFileType = sourcecode.c.h; path = XDSCatalogueView.h; sourceTree = "<group>"; };
		FCA78C0D1EF91EDA00114907 /* XDSCatalogueView.m */ = {isa = PBXFileReference; fileEncoding = 4; lastKnownFileType = sourcecode.c.objc; path = XDSCatalogueView.m; sourceTree = "<group>"; };
		FCA78C0F1EF91F0800114907 /* XDSCatalogueTabBarController.h */ = {isa = PBXFileReference; fileEncoding = 4; lastKnownFileType = sourcecode.c.h; path = XDSCatalogueTabBarController.h; sourceTree = "<group>"; };
		FCA78C101EF91F0800114907 /* XDSCatalogueTabBarController.m */ = {isa = PBXFileReference; fileEncoding = 4; lastKnownFileType = sourcecode.c.objc; path = XDSCatalogueTabBarController.m; sourceTree = "<group>"; };
		FCA78C121EF929AA00114907 /* XDSCatalogueViewController.h */ = {isa = PBXFileReference; fileEncoding = 4; lastKnownFileType = sourcecode.c.h; path = XDSCatalogueViewController.h; sourceTree = "<group>"; };
		FCA78C131EF929AA00114907 /* XDSCatalogueViewController.m */ = {isa = PBXFileReference; fileEncoding = 4; lastKnownFileType = sourcecode.c.objc; path = XDSCatalogueViewController.m; sourceTree = "<group>"; };
		FCA78C151EF929BE00114907 /* XDSNoteViewController.h */ = {isa = PBXFileReference; fileEncoding = 4; lastKnownFileType = sourcecode.c.h; path = XDSNoteViewController.h; sourceTree = "<group>"; };
		FCA78C161EF929BE00114907 /* XDSNoteViewController.m */ = {isa = PBXFileReference; fileEncoding = 4; lastKnownFileType = sourcecode.c.objc; path = XDSNoteViewController.m; sourceTree = "<group>"; };
		FCA78C181EF929CE00114907 /* XDSMarkViewController.h */ = {isa = PBXFileReference; fileEncoding = 4; lastKnownFileType = sourcecode.c.h; path = XDSMarkViewController.h; sourceTree = "<group>"; };
		FCA78C191EF929CE00114907 /* XDSMarkViewController.m */ = {isa = PBXFileReference; fileEncoding = 4; lastKnownFileType = sourcecode.c.objc; path = XDSMarkViewController.m; sourceTree = "<group>"; };
		FCA78C1E1EFA00DB00114907 /* 华文彩云.ttf */ = {isa = PBXFileReference; lastKnownFileType = file; path = "华文彩云.ttf"; sourceTree = "<group>"; };
		FCA78C1F1EFA00DB00114907 /* 华文新魏.ttf */ = {isa = PBXFileReference; lastKnownFileType = file; path = "华文新魏.ttf"; sourceTree = "<group>"; };
		FCA78C211EFA00DB00114907 /* 华文琥珀.ttf */ = {isa = PBXFileReference; lastKnownFileType = file; path = "华文琥珀.ttf"; sourceTree = "<group>"; };
		FCA78C231EFA00DB00114907 /* 华文行楷.ttf */ = {isa = PBXFileReference; lastKnownFileType = file; path = "华文行楷.ttf"; sourceTree = "<group>"; };
		FCA78C391EFB793F00114907 /* XDSNoteCell.h */ = {isa = PBXFileReference; fileEncoding = 4; lastKnownFileType = sourcecode.c.h; path = XDSNoteCell.h; sourceTree = "<group>"; };
		FCA78C3A1EFB793F00114907 /* XDSNoteCell.m */ = {isa = PBXFileReference; fileEncoding = 4; lastKnownFileType = sourcecode.c.objc; path = XDSNoteCell.m; sourceTree = "<group>"; };
		FCA78C3C1EFCA92C00114907 /* XDSNoDataView.h */ = {isa = PBXFileReference; fileEncoding = 4; lastKnownFileType = sourcecode.c.h; path = XDSNoDataView.h; sourceTree = "<group>"; };
		FCA78C3D1EFCA92C00114907 /* XDSNoDataView.m */ = {isa = PBXFileReference; fileEncoding = 4; lastKnownFileType = sourcecode.c.objc; path = XDSNoDataView.m; sourceTree = "<group>"; };
		FCA78C3F1EFCA96800114907 /* XDSNoDataView.xib */ = {isa = PBXFileReference; fileEncoding = 4; lastKnownFileType = file.xib; path = XDSNoDataView.xib; sourceTree = "<group>"; };
		FCB228FF1F0F19C3007A0EA0 /* XDSReadViewController.h */ = {isa = PBXFileReference; fileEncoding = 4; lastKnownFileType = sourcecode.c.h; path = XDSReadViewController.h; sourceTree = "<group>"; };
		FCB229001F0F19C3007A0EA0 /* XDSReadViewController.m */ = {isa = PBXFileReference; fileEncoding = 4; lastKnownFileType = sourcecode.c.objc; path = XDSReadViewController.m; sourceTree = "<group>"; };
/* End PBXFileReference section */

/* Begin PBXFrameworksBuildPhase section */
		FCA78A4A1EF290F400114907 /* Frameworks */ = {
			isa = PBXFrameworksBuildPhase;
			buildActionMask = 2147483647;
			files = (
				18BB4E8D2153E6F400C4A2CD /* libxml2.tbd in Frameworks */,
				FCA78B341EF2918000114907 /* libz.tbd in Frameworks */,
				031B1B2853A8A75BAF03EEA1 /* Pods_XDSReader.framework in Frameworks */,
			);
			runOnlyForDeploymentPostprocessing = 0;
		};
/* End PBXFrameworksBuildPhase section */

/* Begin PBXGroup section */
		18BB4E8E2153E79000C4A2CD /* GCDWebServer */ = {
			isa = PBXGroup;
			children = (
				18BB4E8F2153E79000C4A2CD /* GCDWebDAVServer */,
				18BB4E922153E79000C4A2CD /* GCDWebServer */,
				18BB4EB22153E79000C4A2CD /* GCDWebUploader */,
			);
			path = GCDWebServer;
			sourceTree = "<group>";
		};
		18BB4E8F2153E79000C4A2CD /* GCDWebDAVServer */ = {
			isa = PBXGroup;
			children = (
				18BB4E902153E79000C4A2CD /* GCDWebDAVServer.h */,
				18BB4E912153E79000C4A2CD /* GCDWebDAVServer.m */,
			);
			path = GCDWebDAVServer;
			sourceTree = "<group>";
		};
		18BB4E922153E79000C4A2CD /* GCDWebServer */ = {
			isa = PBXGroup;
			children = (
				18BB4E932153E79000C4A2CD /* Core */,
				18BB4EA02153E79000C4A2CD /* Responses */,
				18BB4EA92153E79000C4A2CD /* Requests */,
			);
			path = GCDWebServer;
			sourceTree = "<group>";
		};
		18BB4E932153E79000C4A2CD /* Core */ = {
			isa = PBXGroup;
			children = (
				18BB4E942153E79000C4A2CD /* GCDWebServerFunctions.h */,
				18BB4E952153E79000C4A2CD /* GCDWebServerPrivate.h */,
				18BB4E962153E79000C4A2CD /* GCDWebServerResponse.m */,
				18BB4E972153E79000C4A2CD /* GCDWebServerConnection.h */,
				18BB4E982153E79000C4A2CD /* GCDWebServer.h */,
				18BB4E992153E79000C4A2CD /* GCDWebServerRequest.m */,
				18BB4E9A2153E79000C4A2CD /* GCDWebServerHTTPStatusCodes.h */,
				18BB4E9B2153E79000C4A2CD /* GCDWebServerResponse.h */,
				18BB4E9C2153E79000C4A2CD /* GCDWebServerFunctions.m */,
				18BB4E9D2153E79000C4A2CD /* GCDWebServer.m */,
				18BB4E9E2153E79000C4A2CD /* GCDWebServerConnection.m */,
				18BB4E9F2153E79000C4A2CD /* GCDWebServerRequest.h */,
			);
			path = Core;
			sourceTree = "<group>";
		};
		18BB4EA02153E79000C4A2CD /* Responses */ = {
			isa = PBXGroup;
			children = (
				18BB4EA12153E79000C4A2CD /* GCDWebServerFileResponse.h */,
				18BB4EA22153E79000C4A2CD /* GCDWebServerStreamedResponse.h */,
				18BB4EA32153E79000C4A2CD /* GCDWebServerErrorResponse.m */,
				18BB4EA42153E79000C4A2CD /* GCDWebServerDataResponse.h */,
				18BB4EA52153E79000C4A2CD /* GCDWebServerFileResponse.m */,
				18BB4EA62153E79000C4A2CD /* GCDWebServerDataResponse.m */,
				18BB4EA72153E79000C4A2CD /* GCDWebServerErrorResponse.h */,
				18BB4EA82153E79000C4A2CD /* GCDWebServerStreamedResponse.m */,
			);
			path = Responses;
			sourceTree = "<group>";
		};
		18BB4EA92153E79000C4A2CD /* Requests */ = {
			isa = PBXGroup;
			children = (
				18BB4EAA2153E79000C4A2CD /* GCDWebServerDataRequest.h */,
				18BB4EAB2153E79000C4A2CD /* GCDWebServerMultiPartFormRequest.h */,
				18BB4EAC2153E79000C4A2CD /* GCDWebServerFileRequest.h */,
				18BB4EAD2153E79000C4A2CD /* GCDWebServerURLEncodedFormRequest.m */,
				18BB4EAE2153E79000C4A2CD /* GCDWebServerMultiPartFormRequest.m */,
				18BB4EAF2153E79000C4A2CD /* GCDWebServerDataRequest.m */,
				18BB4EB02153E79000C4A2CD /* GCDWebServerFileRequest.m */,
				18BB4EB12153E79000C4A2CD /* GCDWebServerURLEncodedFormRequest.h */,
			);
			path = Requests;
			sourceTree = "<group>";
		};
		18BB4EB22153E79000C4A2CD /* GCDWebUploader */ = {
			isa = PBXGroup;
			children = (
				18BB4EB32153E79000C4A2CD /* GCDWebUploader.bundle */,
				18BB4EB42153E79000C4A2CD /* GCDWebUploader.h */,
				18BB4EB52153E79000C4A2CD /* GCDWebUploader.m */,
			);
			path = GCDWebUploader;
			sourceTree = "<group>";
		};
		18D7E612215A585D0006EC1E /* View */ = {
			isa = PBXGroup;
			children = (
				18D7E613215A585D0006EC1E /* XDSBookCell.h */,
				18D7E615215A585D0006EC1E /* XDSBookCell.m */,
				18D7E614215A585D0006EC1E /* XDSBookCell.xib */,
			);
			path = View;
			sourceTree = "<group>";
		};
		4124ED2D2ACEE3913CAC621E /* Pods */ = {
			isa = PBXGroup;
			children = (
				566644BA861A753275F3D3DE /* Pods-XDSReader.debug.xcconfig */,
				39079157DFAB83B2A1877F23 /* Pods-XDSReader.release.xcconfig */,
			);
			name = Pods;
			sourceTree = "<group>";
		};
		FCA78A441EF290F400114907 = {
			isa = PBXGroup;
			children = (
				FCA78A4F1EF290F400114907 /* XDSReader */,
				FCA78A4E1EF290F400114907 /* Products */,
				FCA78B321EF2918000114907 /* Frameworks */,
				4124ED2D2ACEE3913CAC621E /* Pods */,
			);
			sourceTree = "<group>";
		};
		FCA78A4E1EF290F400114907 /* Products */ = {
			isa = PBXGroup;
			children = (
				FCA78A4D1EF290F400114907 /* XDSReader.app */,
			);
			name = Products;
			sourceTree = "<group>";
		};
		FCA78A4F1EF290F400114907 /* XDSReader */ = {
			isa = PBXGroup;
			children = (
				1819E0872169ABA500EBBB78 /* XDSReader.entitlements */,
				FC88A5191F0CCAE900BDF04A /* README.md */,
				FCA78C1B1EFA00DA00114907 /* 华文字体 */,
				FCA78BE01EF5F40200114907 /* XDSReadMenu */,
				FCA78AD61EF2916700114907 /* XDSReaderKit */,
				FCA78A681EF2914F00114907 /* WiFiFileTransfer */,
				FCA78A531EF290F400114907 /* AppDelegate.h */,
				FCA78A541EF290F400114907 /* AppDelegate.m */,
				FCA78A561EF290F400114907 /* XDSMainReaderVC.h */,
				FCA78A571EF290F400114907 /* XDSMainReaderVC.m */,
				18D7E612215A585D0006EC1E /* View */,
				FC61F7B01F14CD4900DA83F4 /* XDSShareConfig.plist */,
				FCA78A591EF290F400114907 /* Main.storyboard */,
				FCA78A5C1EF290F400114907 /* Assets.xcassets */,
				FCA78A5E1EF290F400114907 /* LaunchScreen.storyboard */,
				FCA78A611EF290F400114907 /* Info.plist */,
				FCA78A671EF290FF00114907 /* PrefixHeader.pch */,
				FCA78A501EF290F400114907 /* Supporting Files */,
			);
			path = XDSReader;
			sourceTree = "<group>";
		};
		FCA78A501EF290F400114907 /* Supporting Files */ = {
			isa = PBXGroup;
			children = (
				FCA78A511EF290F400114907 /* main.m */,
			);
			name = "Supporting Files";
			sourceTree = "<group>";
		};
		FCA78A681EF2914F00114907 /* WiFiFileTransfer */ = {
			isa = PBXGroup;
			children = (
				18BB4E8E2153E79000C4A2CD /* GCDWebServer */,
				18D7E610215A57990006EC1E /* logo_book.png */,
				FCA78AAE1EF2914F00114907 /* XDSIPHelper.h */,
				FCA78AAF1EF2914F00114907 /* XDSIPHelper.m */,
				FCA78AB01EF2914F00114907 /* XDSWIFIFileTransferViewController.h */,
				FCA78AB11EF2914F00114907 /* XDSWIFIFileTransferViewController.m */,
				FCA78AB21EF2914F00114907 /* XDSWIFIFileTransferViewController.xib */,
				18B3DC7F21549A8A00FFD27E /* XDSReaderWifiView.h */,
				18B3DC8021549A8A00FFD27E /* XDSReaderWifiView.m */,
				18B3DC8221549A9600FFD27E /* XDSReaderWifiView.xib */,
			);
			path = WiFiFileTransfer;
			sourceTree = "<group>";
		};
		FCA78AD61EF2916700114907 /* XDSReaderKit */ = {
			isa = PBXGroup;
			children = (
				18BB4E2B2153D75C00C4A2CD /* XDSReaderHeader.h */,
				FCA78BC31EF3A2CF00114907 /* Books */,
				FCA78B351EF2932200114907 /* External */,
				FCA78AD71EF2916700114907 /* Core */,
				FCA78B101EF2916700114907 /* Model */,
				FCA78B131EF2916700114907 /* Util */,
				FCA78B161EF2916700114907 /* View */,
				FCA78B171EF2916700114907 /* ViewController */,
			);
			path = XDSReaderKit;
			sourceTree = "<group>";
		};
		FCA78AD71EF2916700114907 /* Core */ = {
			isa = PBXGroup;
			children = (
				FCA78AD81EF2916700114907 /* XDSReadConfig.h */,
				FCA78AD91EF2916700114907 /* XDSReadConfig.m */,
				FCA78B4C1EF2DD9200114907 /* XDSReadOperation.h */,
				FCA78B4D1EF2DD9200114907 /* XDSReadOperation.m */,
				FCA78BA41EF3603A00114907 /* XDSReadManager.h */,
				FCA78BA51EF3603A00114907 /* XDSReadManager.m */,
			);
			path = Core;
			sourceTree = "<group>";
		};
		FCA78B101EF2916700114907 /* Model */ = {
			isa = PBXGroup;
			children = (
				FC6D95671F3378AC006A0583 /* XDSBookModel.h */,
				FC6D95681F3378AC006A0583 /* XDSBookModel.m */,
				FC6D95691F3378AC006A0583 /* XDSChapterModel.h */,
				FC6D956A1F3378AC006A0583 /* XDSChapterModel.m */,
				FC6D956B1F3378AC006A0583 /* XDSRecordModel.h */,
				FC6D956C1F3378AC006A0583 /* XDSRecordModel.m */,
				FCA78B431EF2986800114907 /* XDSMarkModel.h */,
				FCA78B441EF2986800114907 /* XDSMarkModel.m */,
				FCA78B461EF2994200114907 /* XDSNoteModel.h */,
				FCA78B471EF2994200114907 /* XDSNoteModel.m */,
			);
			path = Model;
			sourceTree = "<group>";
		};
		FCA78B131EF2916700114907 /* Util */ = {
			isa = PBXGroup;
			children = (
				FCA78B141EF2916700114907 /* XDSReaderGlobleConst.h */,
				FCA78B151EF2916700114907 /* XDSReaderGlobleConst.m */,
				FCA78BA11EF2E37200114907 /* XDSReaderUtil.h */,
				FCA78BA21EF2E37200114907 /* XDSReaderUtil.m */,
				FCA78BAD1EF363DD00114907 /* XDSReaderDelegate.h */,
			);
			path = Util;
			sourceTree = "<group>";
		};
		FCA78B161EF2916700114907 /* View */ = {
			isa = PBXGroup;
			children = (
				FC6D95701F337938006A0583 /* XDSReadView.h */,
				FC6D95711F337938006A0583 /* XDSReadView.m */,
				FCA78BA71EF362CA00114907 /* XDSMagnifierView.h */,
				FCA78BA81EF362CA00114907 /* XDSMagnifierView.m */,
				A29AA3F01F5A6D6300FB24EE /* UIControl+XDSHyperLink.h */,
				A29AA3F11F5A6D6300FB24EE /* UIControl+XDSHyperLink.m */,
			);
			path = View;
			sourceTree = "<group>";
		};
		FCA78B171EF2916700114907 /* ViewController */ = {
			isa = PBXGroup;
			children = (
				FCB228FF1F0F19C3007A0EA0 /* XDSReadViewController.h */,
				FCB229001F0F19C3007A0EA0 /* XDSReadViewController.m */,
				FC61F7AD1F14651600DA83F4 /* XDSReadPageViewController.h */,
				FC61F7AE1F14651600DA83F4 /* XDSReadPageViewController.m */,
				A29AA3F91F5A8E3D00FB24EE /* XDSPhotoBrowser.h */,
				A29AA3FA1F5A8E3D00FB24EE /* XDSPhotoBrowser.m */,
			);
			path = ViewController;
			sourceTree = "<group>";
		};
		FCA78B321EF2918000114907 /* Frameworks */ = {
			isa = PBXGroup;
			children = (
				18BB4E8C2153E6F400C4A2CD /* libxml2.tbd */,
				FCA78B331EF2918000114907 /* libz.tbd */,
				8BC7F5927F6C835989775828 /* Pods_XDSReader.framework */,
			);
			name = Frameworks;
			sourceTree = "<group>";
		};
		FCA78B351EF2932200114907 /* External */ = {
			isa = PBXGroup;
			children = (
				FCA78B4F1EF2DEB500114907 /* TouchXML */,
				FCA78B391EF2935200114907 /* GTMDefines.h */,
				FCA78B3A1EF2935200114907 /* GTMNSString+HTML.h */,
				FCA78B3B1EF2935200114907 /* GTMNSString+HTML.m */,
				187AD2CD215E476C00C45B69 /* NSString+XDSReader.h */,
				187AD2CE215E476C00C45B69 /* NSString+XDSReader.m */,
				1808D3BB215BD56300F822FD /* UIViewController+XDSReader.h */,
				1808D3BA215BD56300F822FD /* UIViewController+XDSReader.m */,
				FCA78BC01EF39B6000114907 /* UIImage+ImageEffects.h */,
				FCA78BC11EF39B6000114907 /* UIImage+ImageEffects.m */,
				A29AA3F31F5A6D8000FB24EE /* UIView+XDSHyperLink.h */,
				A29AA3F41F5A6D8000FB24EE /* UIView+XDSHyperLink.m */,
				18B3DC7C21548BAF00FFD27E /* UIViewController+XDSReader.h */,
				18B3DC7D21548BAF00FFD27E /* UIViewController+XDSReader.m */,
			);
			path = External;
			sourceTree = "<group>";
		};
		FCA78B4F1EF2DEB500114907 /* TouchXML */ = {
			isa = PBXGroup;
			children = (
				FCA78B501EF2DEB500114907 /* Creation */,
				FCA78B551EF2DEB500114907 /* CXHTMLDocument.h */,
				FCA78B561EF2DEB500114907 /* CXHTMLDocument.m */,
				FCA78B571EF2DEB500114907 /* CXMLDocument.h */,
				FCA78B581EF2DEB500114907 /* CXMLDocument.m */,
				FCA78B591EF2DEB500114907 /* CXMLDocument_PrivateExtensions.h */,
				FCA78B5A1EF2DEB500114907 /* CXMLDocument_PrivateExtensions.m */,
				FCA78B5B1EF2DEB500114907 /* CXMLElement.h */,
				FCA78B5C1EF2DEB500114907 /* CXMLElement.m */,
				FCA78B5D1EF2DEB500114907 /* CXMLElement_CreationExtensions.h */,
				FCA78B5E1EF2DEB500114907 /* CXMLElement_CreationExtensions.m */,
				FCA78B5F1EF2DEB500114907 /* CXMLElement_ElementTreeExtensions.h */,
				FCA78B601EF2DEB500114907 /* CXMLElement_ElementTreeExtensions.m */,
				FCA78B611EF2DEB500114907 /* CXMLNamespaceNode.h */,
				FCA78B621EF2DEB500114907 /* CXMLNamespaceNode.m */,
				FCA78B631EF2DEB500114907 /* CXMLNode.h */,
				FCA78B641EF2DEB500114907 /* CXMLNode.m */,
				FCA78B651EF2DEB500114907 /* CXMLNode_PrivateExtensions.h */,
				FCA78B661EF2DEB500114907 /* CXMLNode_PrivateExtensions.m */,
				FCA78B671EF2DEB500114907 /* CXMLNode_XPathExtensions.h */,
				FCA78B681EF2DEB500114907 /* CXMLNode_XPathExtensions.m */,
				FCA78B691EF2DEB500114907 /* CXMLUnsupportedNode.h */,
				FCA78B6A1EF2DEB500114907 /* CXMLUnsupportedNode.m */,
				FCA78B6B1EF2DEB500114907 /* Tidy */,
				FCA78B6E1EF2DEB500114907 /* TouchXML.h */,
			);
			path = TouchXML;
			sourceTree = "<group>";
		};
		FCA78B501EF2DEB500114907 /* Creation */ = {
			isa = PBXGroup;
			children = (
				FCA78B511EF2DEB500114907 /* CXMLDocument_CreationExtensions.h */,
				FCA78B521EF2DEB500114907 /* CXMLDocument_CreationExtensions.m */,
				FCA78B531EF2DEB500114907 /* CXMLNode_CreationExtensions.h */,
				FCA78B541EF2DEB500114907 /* CXMLNode_CreationExtensions.m */,
			);
			path = Creation;
			sourceTree = "<group>";
		};
		FCA78B6B1EF2DEB500114907 /* Tidy */ = {
			isa = PBXGroup;
			children = (
				FCA78B6C1EF2DEB500114907 /* CTidy.h */,
				FCA78B6D1EF2DEB500114907 /* CTidy.m */,
			);
			path = Tidy;
			sourceTree = "<group>";
		};
		FCA78BC31EF3A2CF00114907 /* Books */ = {
			isa = PBXGroup;
			children = (
				A2F03B45216BAE0B0093AC40 /* note.html */,
				A2F03B4C216BB1BC0093AC40 /* subnote.html */,
				FCA78BC61EF3A2D600114907 /* mdjyml.txt */,
				FCA0CD321F2F2BEA00F69962 /* 妖神记.txt */,
				A29C5893213C47E000764DFB /* 十宗罪.epub */,
				FC88A5171F0C932A00BDF04A /* zoubianzhongguo.epub */,
				FCA78BC51EF3A2D600114907 /* 每天懂一点好玩心理学.epub */,
				183B7F49216ADD420071F08E /* 不懂这些英文你就OUT了(正版).epub */,
				183B7F4D216ADD420071F08E /* 三人成狼.txt */,
				183B7F4C216ADD420071F08E /* 特种神医.txt */,
				183B7F4A216ADD420071F08E /* Android从入门到精通.epub */,
				183B7F4B216ADD420071F08E /* mdjyml.txt */,
			);
			path = Books;
			sourceTree = "<group>";
		};
		FCA78BE01EF5F40200114907 /* XDSReadMenu */ = {
			isa = PBXGroup;
			children = (
				FCA78BE71EF7592100114907 /* XDSReadMenu.xcassets */,
				FCA78C0B1EF91EC100114907 /* Catologue */,
				FCA78BFE1EF7CEA200114907 /* YGPulseView */,
				FCA78BF61EF7B67700114907 /* XDSReadRootView.h */,
				FCA78BF71EF7B67700114907 /* XDSReadRootView.m */,
				FCA78BE11EF5F6AA00114907 /* XDSReadMenu.h */,
				FCA78BE21EF5F6AA00114907 /* XDSReadMenu.m */,
				FCA78C051EF8EE2E00114907 /* XDSMenuTopView.h */,
				FCA78C061EF8EE2E00114907 /* XDSMenuTopView.m */,
				FCA78BE41EF6D6FE00114907 /* XDSMenuBottomView.h */,
				FCA78BE51EF6D6FE00114907 /* XDSMenuBottomView.m */,
				FCA78BF41EF7B2FB00114907 /* XDSReadSettingView.m */,
				FCA78BF31EF7B2FB00114907 /* XDSReadSettingView.h */,
				FCA78BFB1EF7CA5A00114907 /* XDSHaloButton.h */,
				FCA78BFC1EF7CA5A00114907 /* XDSHaloButton.m */,
				FCA78C021EF81E1A00114907 /* XDSLightView.h */,
				FCA78C031EF81E1A00114907 /* XDSLightView.m */,
				FCA78BE91EF75CB300114907 /* XDSReadViewConst.h */,
				FCA78BEA1EF75CB300114907 /* XDSReadViewConst.m */,
				A2F03B47216BAF870093AC40 /* XDSNoteHTMLVC.h */,
				A2F03B48216BAF870093AC40 /* XDSNoteHTMLVC.m */,
			);
			path = XDSReadMenu;
			sourceTree = "<group>";
		};
		FCA78BFE1EF7CEA200114907 /* YGPulseView */ = {
			isa = PBXGroup;
			children = (
				FCA78BFF1EF7CEA200114907 /* UIView+YGPulseView.h */,
				FCA78C001EF7CEA200114907 /* UIView+YGPulseView.m */,
			);
			path = YGPulseView;
			sourceTree = "<group>";
		};
		FCA78C0B1EF91EC100114907 /* Catologue */ = {
			isa = PBXGroup;
			children = (
				FCA78C0C1EF91EDA00114907 /* XDSCatalogueView.h */,
				FCA78C0D1EF91EDA00114907 /* XDSCatalogueView.m */,
				FCA78C0F1EF91F0800114907 /* XDSCatalogueTabBarController.h */,
				FCA78C101EF91F0800114907 /* XDSCatalogueTabBarController.m */,
				FCA78C121EF929AA00114907 /* XDSCatalogueViewController.h */,
				FCA78C131EF929AA00114907 /* XDSCatalogueViewController.m */,
				FCA78C151EF929BE00114907 /* XDSNoteViewController.h */,
				FCA78C161EF929BE00114907 /* XDSNoteViewController.m */,
				FCA78C391EFB793F00114907 /* XDSNoteCell.h */,
				FCA78C3A1EFB793F00114907 /* XDSNoteCell.m */,
				FCA78C181EF929CE00114907 /* XDSMarkViewController.h */,
				FCA78C191EF929CE00114907 /* XDSMarkViewController.m */,
				FCA78C3C1EFCA92C00114907 /* XDSNoDataView.h */,
				FCA78C3D1EFCA92C00114907 /* XDSNoDataView.m */,
				FCA78C3F1EFCA96800114907 /* XDSNoDataView.xib */,
			);
			path = Catologue;
			sourceTree = "<group>";
		};
		FCA78C1B1EFA00DA00114907 /* 华文字体 */ = {
			isa = PBXGroup;
			children = (
				FCA78C1E1EFA00DB00114907 /* 华文彩云.ttf */,
				FCA78C1F1EFA00DB00114907 /* 华文新魏.ttf */,
				FCA78C211EFA00DB00114907 /* 华文琥珀.ttf */,
				FCA78C231EFA00DB00114907 /* 华文行楷.ttf */,
			);
			path = "华文字体";
			sourceTree = "<group>";
		};
/* End PBXGroup section */

/* Begin PBXNativeTarget section */
		FCA78A4C1EF290F400114907 /* XDSReader */ = {
			isa = PBXNativeTarget;
			buildConfigurationList = FCA78A641EF290F400114907 /* Build configuration list for PBXNativeTarget "XDSReader" */;
			buildPhases = (
				DEA57E0C5007BD49D72F0A9F /* [CP] Check Pods Manifest.lock */,
				FCA78A491EF290F400114907 /* Sources */,
				FCA78A4A1EF290F400114907 /* Frameworks */,
				FCA78A4B1EF290F400114907 /* Resources */,
				136708414589E276761538E1 /* [CP] Embed Pods Frameworks */,
			);
			buildRules = (
			);
			dependencies = (
			);
			name = XDSReader;
			productName = XDSReader;
			productReference = FCA78A4D1EF290F400114907 /* XDSReader.app */;
			productType = "com.apple.product-type.application";
		};
/* End PBXNativeTarget section */

/* Begin PBXProject section */
		FCA78A451EF290F400114907 /* Project object */ = {
			isa = PBXProject;
			attributes = {
				LastUpgradeCheck = 1000;
				ORGANIZATIONNAME = macos;
				TargetAttributes = {
					FCA78A4C1EF290F400114907 = {
						CreatedOnToolsVersion = 8.3.2;
						DevelopmentTeam = 85W725W7AQ;
						ProvisioningStyle = Manual;
						SystemCapabilities = {
							com.apple.AccessWiFi = {
								enabled = 1;
							};
						};
					};
				};
			};
			buildConfigurationList = FCA78A481EF290F400114907 /* Build configuration list for PBXProject "XDSReader" */;
			compatibilityVersion = "Xcode 3.2";
			developmentRegion = English;
			hasScannedForEncodings = 0;
			knownRegions = (
				Base,
			);
			mainGroup = FCA78A441EF290F400114907;
			productRefGroup = FCA78A4E1EF290F400114907 /* Products */;
			projectDirPath = "";
			projectRoot = "";
			targets = (
				FCA78A4C1EF290F400114907 /* XDSReader */,
			);
		};
/* End PBXProject section */

/* Begin PBXResourcesBuildPhase section */
		FCA78A4B1EF290F400114907 /* Resources */ = {
			isa = PBXResourcesBuildPhase;
			buildActionMask = 2147483647;
			files = (
				FCA78C401EFCA96800114907 /* XDSNoDataView.xib in Resources */,
				183B7F52216ADD430071F08E /* 三人成狼.txt in Resources */,
				A2F03B46216BAE0B0093AC40 /* note.html in Resources */,
				18BB4EC42153E79000C4A2CD /* GCDWebUploader.bundle in Resources */,
				183B7F4F216ADD430071F08E /* Android从入门到精通.epub in Resources */,
				FCA78A601EF290F400114907 /* LaunchScreen.storyboard in Resources */,
				FCA78C2C1EFA00DB00114907 /* 华文行楷.ttf in Resources */,
				FC88A5181F0C932A00BDF04A /* zoubianzhongguo.epub in Resources */,
				A274ABEF213C522400728064 /* 十宗罪.epub in Resources */,
				18D7E616215A585E0006EC1E /* XDSBookCell.xib in Resources */,
				FCA78BE81EF7592100114907 /* XDSReadMenu.xcassets in Resources */,
				18D7E611215A57990006EC1E /* logo_book.png in Resources */,
				FCA78A5D1EF290F400114907 /* Assets.xcassets in Resources */,
				FCA78C2A1EFA00DB00114907 /* 华文琥珀.ttf in Resources */,
				FCA78BD01EF3A2D600114907 /* 每天懂一点好玩心理学.epub in Resources */,
				183B7F51216ADD430071F08E /* 特种神医.txt in Resources */,
				183B7F50216ADD430071F08E /* mdjyml.txt in Resources */,
				FC61F7B11F14CD4900DA83F4 /* XDSShareConfig.plist in Resources */,
				FCA0CD331F2F2BEA00F69962 /* 妖神记.txt in Resources */,
				FCA78C281EFA00DB00114907 /* 华文新魏.ttf in Resources */,
				FCA78A5B1EF290F400114907 /* Main.storyboard in Resources */,
				FCA78C271EFA00DB00114907 /* 华文彩云.ttf in Resources */,
				FCA78AD51EF2914F00114907 /* XDSWIFIFileTransferViewController.xib in Resources */,
				18B3DC8321549A9600FFD27E /* XDSReaderWifiView.xib in Resources */,
				183B7F4E216ADD430071F08E /* 不懂这些英文你就OUT了(正版).epub in Resources */,
				A2F03B4D216BB1BC0093AC40 /* subnote.html in Resources */,
			);
			runOnlyForDeploymentPostprocessing = 0;
		};
/* End PBXResourcesBuildPhase section */

/* Begin PBXShellScriptBuildPhase section */
		136708414589E276761538E1 /* [CP] Embed Pods Frameworks */ = {
			isa = PBXShellScriptBuildPhase;
			buildActionMask = 2147483647;
			files = (
			);
			inputPaths = (
				"${SRCROOT}/Pods/Target Support Files/Pods-XDSReader/Pods-XDSReader-frameworks.sh",
				"${BUILT_PRODUCTS_DIR}/DACircularProgress/DACircularProgress.framework",
				"${BUILT_PRODUCTS_DIR}/DTCoreText/DTCoreText.framework",
				"${BUILT_PRODUCTS_DIR}/DTFoundation/DTFoundation.framework",
				"${BUILT_PRODUCTS_DIR}/MBProgressHUD/MBProgressHUD.framework",
				"${BUILT_PRODUCTS_DIR}/MWPhotoBrowser/MWPhotoBrowser.framework",
				"${BUILT_PRODUCTS_DIR}/SDWebImage/SDWebImage.framework",
				"${BUILT_PRODUCTS_DIR}/ZipArchive/ZipArchive.framework",
			);
			name = "[CP] Embed Pods Frameworks";
			outputPaths = (
				"${TARGET_BUILD_DIR}/${FRAMEWORKS_FOLDER_PATH}/DACircularProgress.framework",
				"${TARGET_BUILD_DIR}/${FRAMEWORKS_FOLDER_PATH}/DTCoreText.framework",
				"${TARGET_BUILD_DIR}/${FRAMEWORKS_FOLDER_PATH}/DTFoundation.framework",
				"${TARGET_BUILD_DIR}/${FRAMEWORKS_FOLDER_PATH}/MBProgressHUD.framework",
				"${TARGET_BUILD_DIR}/${FRAMEWORKS_FOLDER_PATH}/MWPhotoBrowser.framework",
				"${TARGET_BUILD_DIR}/${FRAMEWORKS_FOLDER_PATH}/SDWebImage.framework",
				"${TARGET_BUILD_DIR}/${FRAMEWORKS_FOLDER_PATH}/ZipArchive.framework",
			);
			runOnlyForDeploymentPostprocessing = 0;
			shellPath = /bin/sh;
			shellScript = "\"${SRCROOT}/Pods/Target Support Files/Pods-XDSReader/Pods-XDSReader-frameworks.sh\"\n";
			showEnvVarsInLog = 0;
		};
		DEA57E0C5007BD49D72F0A9F /* [CP] Check Pods Manifest.lock */ = {
			isa = PBXShellScriptBuildPhase;
			buildActionMask = 2147483647;
			files = (
			);
			inputPaths = (
				"${PODS_PODFILE_DIR_PATH}/Podfile.lock",
				"${PODS_ROOT}/Manifest.lock",
			);
			name = "[CP] Check Pods Manifest.lock";
			outputPaths = (
				"$(DERIVED_FILE_DIR)/Pods-XDSReader-checkManifestLockResult.txt",
			);
			runOnlyForDeploymentPostprocessing = 0;
			shellPath = /bin/sh;
			shellScript = "diff \"${PODS_PODFILE_DIR_PATH}/Podfile.lock\" \"${PODS_ROOT}/Manifest.lock\" > /dev/null\nif [ $? != 0 ] ; then\n    # print error to STDERR\n    echo \"error: The sandbox is not in sync with the Podfile.lock. Run 'pod install' or update your CocoaPods installation.\" >&2\n    exit 1\nfi\n# This output is used by Xcode 'outputs' to avoid re-running this script phase.\necho \"SUCCESS\" > \"${SCRIPT_OUTPUT_FILE_0}\"\n";
			showEnvVarsInLog = 0;
		};
/* End PBXShellScriptBuildPhase section */

/* Begin PBXSourcesBuildPhase section */
		FCA78A491EF290F400114907 /* Sources */ = {
			isa = PBXSourcesBuildPhase;
			buildActionMask = 2147483647;
			files = (
				FCA78B801EF2DEB500114907 /* CXMLDocument_PrivateExtensions.m in Sources */,
				FC6D95721F337938006A0583 /* XDSReadView.m in Sources */,
				187AD2CF215E476D00C45B69 /* NSString+XDSReader.m in Sources */,
				FCA78B7E1EF2DEB500114907 /* CXHTMLDocument.m in Sources */,
				18BB4EBC2153E79000C4A2CD /* GCDWebServerErrorResponse.m in Sources */,
				18BB4EC32153E79000C4A2CD /* GCDWebServerFileRequest.m in Sources */,
				18BB4EB82153E79000C4A2CD /* GCDWebServerRequest.m in Sources */,
				FC6D956F1F3378AC006A0583 /* XDSRecordModel.m in Sources */,
				18BB4EB72153E79000C4A2CD /* GCDWebServerResponse.m in Sources */,
				FCA78C171EF929BE00114907 /* XDSNoteViewController.m in Sources */,
				FCA78AD41EF2914F00114907 /* XDSWIFIFileTransferViewController.m in Sources */,
				FC61F7AF1F14651600DA83F4 /* XDSReadPageViewController.m in Sources */,
				FCA78C111EF91F0800114907 /* XDSCatalogueTabBarController.m in Sources */,
				A29AA3FB1F5A8E3D00FB24EE /* XDSPhotoBrowser.m in Sources */,
				FCA78B811EF2DEB500114907 /* CXMLElement.m in Sources */,
				FCA78B851EF2DEB500114907 /* CXMLNode.m in Sources */,
				18BB4EC02153E79000C4A2CD /* GCDWebServerURLEncodedFormRequest.m in Sources */,
				FCA78BA91EF362CA00114907 /* XDSMagnifierView.m in Sources */,
				FCA78B7C1EF2DEB500114907 /* CXMLDocument_CreationExtensions.m in Sources */,
				FCA78BE31EF5F6AA00114907 /* XDSReadMenu.m in Sources */,
				FCA78A581EF290F400114907 /* XDSMainReaderVC.m in Sources */,
				FCA78B481EF2994200114907 /* XDSNoteModel.m in Sources */,
				18BB4EC22153E79000C4A2CD /* GCDWebServerDataRequest.m in Sources */,
				FCA78B881EF2DEB500114907 /* CXMLUnsupportedNode.m in Sources */,
				FCA78BA61EF3603A00114907 /* XDSReadManager.m in Sources */,
				FCA78C011EF7CEA200114907 /* UIView+YGPulseView.m in Sources */,
				FCA78B7F1EF2DEB500114907 /* CXMLDocument.m in Sources */,
				FCA78B831EF2DEB500114907 /* CXMLElement_ElementTreeExtensions.m in Sources */,
				FCA78C3E1EFCA92C00114907 /* XDSNoDataView.m in Sources */,
				18B3DC8121549A8A00FFD27E /* XDSReaderWifiView.m in Sources */,
				FCA78B191EF2916700114907 /* XDSReadConfig.m in Sources */,
				FCA78C3B1EFB793F00114907 /* XDSNoteCell.m in Sources */,
				FCA78BE61EF6D6FE00114907 /* XDSMenuBottomView.m in Sources */,
				FCA78BC21EF39B6000114907 /* UIImage+ImageEffects.m in Sources */,
				FCA78C071EF8EE2E00114907 /* XDSMenuTopView.m in Sources */,
				FC6D956D1F3378AC006A0583 /* XDSBookModel.m in Sources */,
				18BB4EC12153E79000C4A2CD /* GCDWebServerMultiPartFormRequest.m in Sources */,
				FCA78BA31EF2E37200114907 /* XDSReaderUtil.m in Sources */,
				FCA78C0E1EF91EDA00114907 /* XDSCatalogueView.m in Sources */,
				FCA78B7D1EF2DEB500114907 /* CXMLNode_CreationExtensions.m in Sources */,
				FCA78C041EF81E1A00114907 /* XDSLightView.m in Sources */,
				FCB229011F0F19C3007A0EA0 /* XDSReadViewController.m in Sources */,
				FCA78B871EF2DEB500114907 /* CXMLNode_XPathExtensions.m in Sources */,
				FCA78A551EF290F400114907 /* AppDelegate.m in Sources */,
				FCA78C1A1EF929CE00114907 /* XDSMarkViewController.m in Sources */,
				FCA78B4E1EF2DD9200114907 /* XDSReadOperation.m in Sources */,
				A29AA3F51F5A6D8000FB24EE /* UIView+XDSHyperLink.m in Sources */,
				FCA78B311EF2916700114907 /* XDSReaderGlobleConst.m in Sources */,
				18BB4EBE2153E79000C4A2CD /* GCDWebServerDataResponse.m in Sources */,
				FCA78B861EF2DEB500114907 /* CXMLNode_PrivateExtensions.m in Sources */,
				18BB4EBB2153E79000C4A2CD /* GCDWebServerConnection.m in Sources */,
				FC88A51A1F0CCAE900BDF04A /* README.md in Sources */,
				FCA78BF51EF7B2FB00114907 /* XDSReadSettingView.m in Sources */,
				FCA78B891EF2DEB500114907 /* CTidy.m in Sources */,
				FCA78BFD1EF7CA5A00114907 /* XDSHaloButton.m in Sources */,
				FCA78B821EF2DEB500114907 /* CXMLElement_CreationExtensions.m in Sources */,
				18BB4EB62153E79000C4A2CD /* GCDWebDAVServer.m in Sources */,
				18D7E617215A585E0006EC1E /* XDSBookCell.m in Sources */,
				FC6D956E1F3378AC006A0583 /* XDSChapterModel.m in Sources */,
				FCA78AD31EF2914F00114907 /* XDSIPHelper.m in Sources */,
				18BB4EC52153E79000C4A2CD /* GCDWebUploader.m in Sources */,
				18B3DC7E21548BAF00FFD27E /* UIViewController+XDSReader.m in Sources */,
				FCA78B3C1EF2935200114907 /* GTMNSString+HTML.m in Sources */,
				FCA78B451EF2986800114907 /* XDSMarkModel.m in Sources */,
				A2F03B49216BAF870093AC40 /* XDSNoteHTMLVC.m in Sources */,
				1808D3BC215BD56400F822FD /* UIViewController+XDSReader.m in Sources */,
				FCA78BF81EF7B67700114907 /* XDSReadRootView.m in Sources */,
				18BB4EB92153E79000C4A2CD /* GCDWebServerFunctions.m in Sources */,
				18BB4EBF2153E79000C4A2CD /* GCDWebServerStreamedResponse.m in Sources */,
				FCA78A521EF290F400114907 /* main.m in Sources */,
				FCA78C141EF929AA00114907 /* XDSCatalogueViewController.m in Sources */,
				18BB4EBA2153E79000C4A2CD /* GCDWebServer.m in Sources */,
				18BB4EBD2153E79000C4A2CD /* GCDWebServerFileResponse.m in Sources */,
				FCA78B841EF2DEB500114907 /* CXMLNamespaceNode.m in Sources */,
				A29AA3F21F5A6D6300FB24EE /* UIControl+XDSHyperLink.m in Sources */,
				FCA78BEB1EF75CB300114907 /* XDSReadViewConst.m in Sources */,
			);
			runOnlyForDeploymentPostprocessing = 0;
		};
/* End PBXSourcesBuildPhase section */

/* Begin PBXVariantGroup section */
		FCA78A591EF290F400114907 /* Main.storyboard */ = {
			isa = PBXVariantGroup;
			children = (
				FCA78A5A1EF290F400114907 /* Base */,
			);
			name = Main.storyboard;
			sourceTree = "<group>";
		};
		FCA78A5E1EF290F400114907 /* LaunchScreen.storyboard */ = {
			isa = PBXVariantGroup;
			children = (
				FCA78A5F1EF290F400114907 /* Base */,
			);
			name = LaunchScreen.storyboard;
			sourceTree = "<group>";
		};
/* End PBXVariantGroup section */

/* Begin XCBuildConfiguration section */
		FCA78A621EF290F400114907 /* Debug */ = {
			isa = XCBuildConfiguration;
			buildSettings = {
				ALWAYS_SEARCH_USER_PATHS = NO;
				CLANG_ANALYZER_LOCALIZABILITY_NONLOCALIZED = YES;
				CLANG_ANALYZER_NONNULL = YES;
				CLANG_ANALYZER_NUMBER_OBJECT_CONVERSION = YES_AGGRESSIVE;
				CLANG_CXX_LANGUAGE_STANDARD = "gnu++0x";
				CLANG_CXX_LIBRARY = "libc++";
				CLANG_ENABLE_MODULES = YES;
				CLANG_ENABLE_OBJC_ARC = YES;
				CLANG_WARN_BLOCK_CAPTURE_AUTORELEASING = YES;
				CLANG_WARN_BOOL_CONVERSION = YES;
				CLANG_WARN_COMMA = YES;
				CLANG_WARN_CONSTANT_CONVERSION = YES;
				CLANG_WARN_DEPRECATED_OBJC_IMPLEMENTATIONS = YES;
				CLANG_WARN_DIRECT_OBJC_ISA_USAGE = YES_ERROR;
				CLANG_WARN_DOCUMENTATION_COMMENTS = YES;
				CLANG_WARN_EMPTY_BODY = YES;
				CLANG_WARN_ENUM_CONVERSION = YES;
				CLANG_WARN_INFINITE_RECURSION = YES;
				CLANG_WARN_INT_CONVERSION = YES;
				CLANG_WARN_NON_LITERAL_NULL_CONVERSION = YES;
				CLANG_WARN_OBJC_IMPLICIT_RETAIN_SELF = YES;
				CLANG_WARN_OBJC_LITERAL_CONVERSION = YES;
				CLANG_WARN_OBJC_ROOT_CLASS = YES_ERROR;
				CLANG_WARN_RANGE_LOOP_ANALYSIS = YES;
				CLANG_WARN_STRICT_PROTOTYPES = YES;
				CLANG_WARN_SUSPICIOUS_MOVE = YES;
				CLANG_WARN_UNREACHABLE_CODE = YES;
				CLANG_WARN__DUPLICATE_METHOD_MATCH = YES;
				"CODE_SIGN_IDENTITY[sdk=iphoneos*]" = "iPhone Developer";
				COPY_PHASE_STRIP = NO;
				DEBUG_INFORMATION_FORMAT = dwarf;
				ENABLE_STRICT_OBJC_MSGSEND = YES;
				ENABLE_TESTABILITY = YES;
				GCC_C_LANGUAGE_STANDARD = gnu99;
				GCC_DYNAMIC_NO_PIC = NO;
				GCC_NO_COMMON_BLOCKS = YES;
				GCC_OPTIMIZATION_LEVEL = 0;
				GCC_PREPROCESSOR_DEFINITIONS = (
					"DEBUG=1",
					"$(inherited)",
				);
				GCC_WARN_64_TO_32_BIT_CONVERSION = YES;
				GCC_WARN_ABOUT_RETURN_TYPE = YES_ERROR;
				GCC_WARN_UNDECLARED_SELECTOR = YES;
				GCC_WARN_UNINITIALIZED_AUTOS = YES_AGGRESSIVE;
				GCC_WARN_UNUSED_FUNCTION = YES;
				GCC_WARN_UNUSED_VARIABLE = YES;
				IPHONEOS_DEPLOYMENT_TARGET = 10.3;
				MTL_ENABLE_DEBUG_INFO = YES;
				ONLY_ACTIVE_ARCH = YES;
				SDKROOT = iphoneos;
				TARGETED_DEVICE_FAMILY = "1,2";
			};
			name = Debug;
		};
		FCA78A631EF290F400114907 /* Release */ = {
			isa = XCBuildConfiguration;
			buildSettings = {
				ALWAYS_SEARCH_USER_PATHS = NO;
				CLANG_ANALYZER_LOCALIZABILITY_NONLOCALIZED = YES;
				CLANG_ANALYZER_NONNULL = YES;
				CLANG_ANALYZER_NUMBER_OBJECT_CONVERSION = YES_AGGRESSIVE;
				CLANG_CXX_LANGUAGE_STANDARD = "gnu++0x";
				CLANG_CXX_LIBRARY = "libc++";
				CLANG_ENABLE_MODULES = YES;
				CLANG_ENABLE_OBJC_ARC = YES;
				CLANG_WARN_BLOCK_CAPTURE_AUTORELEASING = YES;
				CLANG_WARN_BOOL_CONVERSION = YES;
				CLANG_WARN_COMMA = YES;
				CLANG_WARN_CONSTANT_CONVERSION = YES;
				CLANG_WARN_DEPRECATED_OBJC_IMPLEMENTATIONS = YES;
				CLANG_WARN_DIRECT_OBJC_ISA_USAGE = YES_ERROR;
				CLANG_WARN_DOCUMENTATION_COMMENTS = YES;
				CLANG_WARN_EMPTY_BODY = YES;
				CLANG_WARN_ENUM_CONVERSION = YES;
				CLANG_WARN_INFINITE_RECURSION = YES;
				CLANG_WARN_INT_CONVERSION = YES;
				CLANG_WARN_NON_LITERAL_NULL_CONVERSION = YES;
				CLANG_WARN_OBJC_IMPLICIT_RETAIN_SELF = YES;
				CLANG_WARN_OBJC_LITERAL_CONVERSION = YES;
				CLANG_WARN_OBJC_ROOT_CLASS = YES_ERROR;
				CLANG_WARN_RANGE_LOOP_ANALYSIS = YES;
				CLANG_WARN_STRICT_PROTOTYPES = YES;
				CLANG_WARN_SUSPICIOUS_MOVE = YES;
				CLANG_WARN_UNREACHABLE_CODE = YES;
				CLANG_WARN__DUPLICATE_METHOD_MATCH = YES;
				"CODE_SIGN_IDENTITY[sdk=iphoneos*]" = "iPhone Developer";
				COPY_PHASE_STRIP = NO;
				DEBUG_INFORMATION_FORMAT = "dwarf-with-dsym";
				ENABLE_NS_ASSERTIONS = NO;
				ENABLE_STRICT_OBJC_MSGSEND = YES;
				GCC_C_LANGUAGE_STANDARD = gnu99;
				GCC_NO_COMMON_BLOCKS = YES;
				GCC_WARN_64_TO_32_BIT_CONVERSION = YES;
				GCC_WARN_ABOUT_RETURN_TYPE = YES_ERROR;
				GCC_WARN_UNDECLARED_SELECTOR = YES;
				GCC_WARN_UNINITIALIZED_AUTOS = YES_AGGRESSIVE;
				GCC_WARN_UNUSED_FUNCTION = YES;
				GCC_WARN_UNUSED_VARIABLE = YES;
				IPHONEOS_DEPLOYMENT_TARGET = 10.3;
				MTL_ENABLE_DEBUG_INFO = NO;
				SDKROOT = iphoneos;
				TARGETED_DEVICE_FAMILY = "1,2";
				VALIDATE_PRODUCT = YES;
			};
			name = Release;
		};
		FCA78A651EF290F400114907 /* Debug */ = {
			isa = XCBuildConfiguration;
			baseConfigurationReference = 566644BA861A753275F3D3DE /* Pods-XDSReader.debug.xcconfig */;
			buildSettings = {
				ASSETCATALOG_COMPILER_APPICON_NAME = AppIcon;
				CODE_SIGN_ENTITLEMENTS = XDSReader/XDSReader.entitlements;
				CODE_SIGN_IDENTITY = "iPhone Developer";
				CODE_SIGN_STYLE = Manual;
				DEVELOPMENT_TEAM = 85W725W7AQ;
				GCC_PREFIX_HEADER = XDSReader/PrefixHeader.pch;
				HEADER_SEARCH_PATHS = (
					"$(inherited)",
					"${SDKROOT}/usr/include/libxml2",
				);
				INFOPLIST_FILE = XDSReader/Info.plist;
				IPHONEOS_DEPLOYMENT_TARGET = 8.0;
				LD_RUNPATH_SEARCH_PATHS = "$(inherited) @executable_path/Frameworks";
				LIBRARY_SEARCH_PATHS = (
					"$(inherited)",
					"\"$PODS_CONFIGURATION_BUILD_DIR/DTCoreText\"",
					"\"$PODS_CONFIGURATION_BUILD_DIR/DTFoundation\"",
					"\"$PODS_CONFIGURATION_BUILD_DIR/ZipArchive\"",
				);
				PRODUCT_BUNDLE_IDENTIFIER = com.youmi.reader;
				PRODUCT_NAME = "$(TARGET_NAME)";
				PROVISIONING_PROFILE = "064f5b30-371e-46db-8209-1e3daa1b8d0d";
				PROVISIONING_PROFILE_SPECIFIER = ireader.com.youmi.reader;
			};
			name = Debug;
		};
		FCA78A661EF290F400114907 /* Release */ = {
			isa = XCBuildConfiguration;
			baseConfigurationReference = 39079157DFAB83B2A1877F23 /* Pods-XDSReader.release.xcconfig */;
			buildSettings = {
				ASSETCATALOG_COMPILER_APPICON_NAME = AppIcon;
				CODE_SIGN_ENTITLEMENTS = XDSReader/XDSReader.entitlements;
				CODE_SIGN_IDENTITY = "iPhone Developer";
				CODE_SIGN_STYLE = Manual;
				DEVELOPMENT_TEAM = 85W725W7AQ;
				GCC_PREFIX_HEADER = XDSReader/PrefixHeader.pch;
				HEADER_SEARCH_PATHS = (
					"$(inherited)",
					"${SDKROOT}/usr/include/libxml2",
				);
				INFOPLIST_FILE = XDSReader/Info.plist;
				IPHONEOS_DEPLOYMENT_TARGET = 8.0;
				LD_RUNPATH_SEARCH_PATHS = "$(inherited) @executable_path/Frameworks";
				LIBRARY_SEARCH_PATHS = (
					"$(inherited)",
					"\"$PODS_CONFIGURATION_BUILD_DIR/DTCoreText\"",
					"\"$PODS_CONFIGURATION_BUILD_DIR/DTFoundation\"",
					"\"$PODS_CONFIGURATION_BUILD_DIR/ZipArchive\"",
				);
				PRODUCT_BUNDLE_IDENTIFIER = com.youmi.reader;
				PRODUCT_NAME = "$(TARGET_NAME)";
				PROVISIONING_PROFILE = "00131509-d27c-4674-85cf-2ce853064c7a";
				PROVISIONING_PROFILE_SPECIFIER = ireader.com.youmi.reader;
			};
			name = Release;
		};
/* End XCBuildConfiguration section */

/* Begin XCConfigurationList section */
		FCA78A481EF290F400114907 /* Build configuration list for PBXProject "XDSReader" */ = {
			isa = XCConfigurationList;
			buildConfigurations = (
				FCA78A621EF290F400114907 /* Debug */,
				FCA78A631EF290F400114907 /* Release */,
			);
			defaultConfigurationIsVisible = 0;
			defaultConfigurationName = Release;
		};
		FCA78A641EF290F400114907 /* Build configuration list for PBXNativeTarget "XDSReader" */ = {
			isa = XCConfigurationList;
			buildConfigurations = (
				FCA78A651EF290F400114907 /* Debug */,
				FCA78A661EF290F400114907 /* Release */,
			);
			defaultConfigurationIsVisible = 0;
			defaultConfigurationName = Release;
		};
/* End XCConfigurationList section */
	};
	rootObject = FCA78A451EF290F400114907 /* Project object */;
}
